// !$*UTF8*$!
{
	archiveVersion = 1;
	classes = {
	};
	objectVersion = 56;
	objects = {

/* Begin PBXBuildFile section */
		AE92B07C2C932681002C51F2 /* UIViewController+.swift in Sources */ = {isa = PBXBuildFile; fileRef = AE92B07B2C932681002C51F2 /* UIViewController+.swift */; };
		AE92B08A2C932ACE002C51F2 /* AppStoreUI.framework in Frameworks */ = {isa = PBXBuildFile; fileRef = AE92B0822C932ACD002C51F2 /* AppStoreUI.framework */; };
		AE92B0912C932ACE002C51F2 /* AppStoreUITests.swift in Sources */ = {isa = PBXBuildFile; fileRef = AE92B0902C932ACE002C51F2 /* AppStoreUITests.swift */; };
		AE92B0922C932ACE002C51F2 /* AppStoreUI.h in Headers */ = {isa = PBXBuildFile; fileRef = AE92B0842C932ACD002C51F2 /* AppStoreUI.h */; settings = {ATTRIBUTES = (Public, ); }; };
		AE92B0952C932ACE002C51F2 /* AppStoreUI.framework in Frameworks */ = {isa = PBXBuildFile; fileRef = AE92B0822C932ACD002C51F2 /* AppStoreUI.framework */; };
		AE92B0962C932ACE002C51F2 /* AppStoreUI.framework in Embed Frameworks */ = {isa = PBXBuildFile; fileRef = AE92B0822C932ACD002C51F2 /* AppStoreUI.framework */; settings = {ATTRIBUTES = (CodeSignOnCopy, RemoveHeadersOnCopy, ); }; };
		AEEAAEBE2C92936000C926FC /* AppDelegate.swift in Sources */ = {isa = PBXBuildFile; fileRef = AEEAAEBD2C92936000C926FC /* AppDelegate.swift */; };
		AEEAAEC02C92936000C926FC /* SceneDelegate.swift in Sources */ = {isa = PBXBuildFile; fileRef = AEEAAEBF2C92936000C926FC /* SceneDelegate.swift */; };
		AEEAAEC22C92936000C926FC /* ViewController.swift in Sources */ = {isa = PBXBuildFile; fileRef = AEEAAEC12C92936000C926FC /* ViewController.swift */; };
		AEEAAEC52C92936000C926FC /* Base in Resources */ = {isa = PBXBuildFile; fileRef = AEEAAEC42C92936000C926FC /* Base */; };
		AEEAAEC72C92936100C926FC /* Assets.xcassets in Resources */ = {isa = PBXBuildFile; fileRef = AEEAAEC62C92936100C926FC /* Assets.xcassets */; };
		AEEAAECA2C92936100C926FC /* Base in Resources */ = {isa = PBXBuildFile; fileRef = AEEAAEC92C92936100C926FC /* Base */; };
		AEEAAED52C92936100C926FC /* AppStoreSearchTests.swift in Sources */ = {isa = PBXBuildFile; fileRef = AEEAAED42C92936100C926FC /* AppStoreSearchTests.swift */; };
		AEEAAEDF2C92936100C926FC /* AppStoreSearchUITests.swift in Sources */ = {isa = PBXBuildFile; fileRef = AEEAAEDE2C92936100C926FC /* AppStoreSearchUITests.swift */; };
		AEEAAEE12C92936100C926FC /* AppStoreSearchUITestsLaunchTests.swift in Sources */ = {isa = PBXBuildFile; fileRef = AEEAAEE02C92936100C926FC /* AppStoreSearchUITestsLaunchTests.swift */; };
		AEEAAFF72C92A5A100C926FC /* AppStoreService.framework in Frameworks */ = {isa = PBXBuildFile; fileRef = AEEAAFEF2C92A5A100C926FC /* AppStoreService.framework */; };
		AEEAAFFE2C92A5A100C926FC /* AppStoreServiceTests.swift in Sources */ = {isa = PBXBuildFile; fileRef = AEEAAFFD2C92A5A100C926FC /* AppStoreServiceTests.swift */; };
		AEEAAFFF2C92A5A100C926FC /* AppStoreService.h in Headers */ = {isa = PBXBuildFile; fileRef = AEEAAFF12C92A5A100C926FC /* AppStoreService.h */; settings = {ATTRIBUTES = (Public, ); }; };
		AEEAB0022C92A5A100C926FC /* AppStoreService.framework in Frameworks */ = {isa = PBXBuildFile; fileRef = AEEAAFEF2C92A5A100C926FC /* AppStoreService.framework */; };
		AEEAB0032C92A5A100C926FC /* AppStoreService.framework in Embed Frameworks */ = {isa = PBXBuildFile; fileRef = AEEAAFEF2C92A5A100C926FC /* AppStoreService.framework */; settings = {ATTRIBUTES = (CodeSignOnCopy, RemoveHeadersOnCopy, ); }; };
		AEEAB00D2C92A61600C926FC /* AppDTO.swift in Sources */ = {isa = PBXBuildFile; fileRef = AEEAB00B2C92A61500C926FC /* AppDTO.swift */; };
		AEEAB00E2C92A61600C926FC /* AppStoreRepository.swift in Sources */ = {isa = PBXBuildFile; fileRef = AEEAB00C2C92A61600C926FC /* AppStoreRepository.swift */; };
		AEEAB0102C92B1E800C926FC /* TestHelper.swift in Sources */ = {isa = PBXBuildFile; fileRef = AEEAB00F2C92B1E800C926FC /* TestHelper.swift */; };
		AEEAB0122C92B22300C926FC /* DefaultAppStoreRepository.swift in Sources */ = {isa = PBXBuildFile; fileRef = AEEAB0112C92B22300C926FC /* DefaultAppStoreRepository.swift */; };
		AEEAB0142C92B59F00C926FC /* AppStoreService.swift in Sources */ = {isa = PBXBuildFile; fileRef = AEEAB0132C92B59F00C926FC /* AppStoreService.swift */; };
		AEEAB0212C92B7D200C926FC /* AppStoreService.framework in Frameworks */ = {isa = PBXBuildFile; fileRef = AEEAAFEF2C92A5A100C926FC /* AppStoreService.framework */; };
		AEEAB0222C92B7D200C926FC /* AppStoreService.framework in Embed Frameworks */ = {isa = PBXBuildFile; fileRef = AEEAAFEF2C92A5A100C926FC /* AppStoreService.framework */; settings = {ATTRIBUTES = (CodeSignOnCopy, RemoveHeadersOnCopy, ); }; };
		AEEAB0282C92B9FC00C926FC /* ArgumentParser in Frameworks */ = {isa = PBXBuildFile; productRef = AEEAB0272C92B9FC00C926FC /* ArgumentParser */; };
		AEEAB02C2C92BE7800C926FC /* AppStoreRun.swift in Sources */ = {isa = PBXBuildFile; fileRef = AEEAB02B2C92BE7800C926FC /* AppStoreRun.swift */; };
		AEEAB03A2C92C10900C926FC /* RecentsService.framework in Frameworks */ = {isa = PBXBuildFile; fileRef = AEEAB0322C92C10900C926FC /* RecentsService.framework */; };
		AEEAB0412C92C10900C926FC /* RecentsServiceTests.swift in Sources */ = {isa = PBXBuildFile; fileRef = AEEAB0402C92C10900C926FC /* RecentsServiceTests.swift */; };
		AEEAB0422C92C10900C926FC /* RecentsService.h in Headers */ = {isa = PBXBuildFile; fileRef = AEEAB0342C92C10900C926FC /* RecentsService.h */; settings = {ATTRIBUTES = (Public, ); }; };
		AEEAB0452C92C10900C926FC /* RecentsService.framework in Frameworks */ = {isa = PBXBuildFile; fileRef = AEEAB0322C92C10900C926FC /* RecentsService.framework */; };
		AEEAB0462C92C10900C926FC /* RecentsService.framework in Embed Frameworks */ = {isa = PBXBuildFile; fileRef = AEEAB0322C92C10900C926FC /* RecentsService.framework */; settings = {ATTRIBUTES = (CodeSignOnCopy, RemoveHeadersOnCopy, ); }; };
		AEEAB04E2C92C1A900C926FC /* RecentsRepository.swift in Sources */ = {isa = PBXBuildFile; fileRef = AEEAB04D2C92C1A900C926FC /* RecentsRepository.swift */; };
		AEEAB0502C92C23C00C926FC /* DefaultRecentsRepository.swift in Sources */ = {isa = PBXBuildFile; fileRef = AEEAB04F2C92C23C00C926FC /* DefaultRecentsRepository.swift */; };
		AEEAB0532C92C2D200C926FC /* Recents.xcdatamodeld in Sources */ = {isa = PBXBuildFile; fileRef = AEEAB0512C92C2D200C926FC /* Recents.xcdatamodeld */; };
		AEEB83D92C92D17200EC79CF /* RecentsService.swift in Sources */ = {isa = PBXBuildFile; fileRef = AEEB83D82C92D17200EC79CF /* RecentsService.swift */; };
		AEEB83E62C92D5A100EC79CF /* RecentsRun.swift in Sources */ = {isa = PBXBuildFile; fileRef = AEEB83E52C92D5A100EC79CF /* RecentsRun.swift */; };
		AEEB83E82C92D5C200EC79CF /* ArgumentParser in Frameworks */ = {isa = PBXBuildFile; productRef = AEEB83E72C92D5C200EC79CF /* ArgumentParser */; };
		AEEB83E92C92D5C200EC79CF /* RecentsService.framework in Frameworks */ = {isa = PBXBuildFile; fileRef = AEEAB0322C92C10900C926FC /* RecentsService.framework */; };
		AEEB83EA2C92D5C200EC79CF /* RecentsService.framework in Embed Frameworks */ = {isa = PBXBuildFile; fileRef = AEEAB0322C92C10900C926FC /* RecentsService.framework */; settings = {ATTRIBUTES = (CodeSignOnCopy, RemoveHeadersOnCopy, ); }; };
		AEEB83EF2C92E22700EC79CF /* CoreDataManager.swift in Sources */ = {isa = PBXBuildFile; fileRef = AEEB83EE2C92E22700EC79CF /* CoreDataManager.swift */; };
/* End PBXBuildFile section */

/* Begin PBXContainerItemProxy section */
		AE92B08B2C932ACE002C51F2 /* PBXContainerItemProxy */ = {
			isa = PBXContainerItemProxy;
			containerPortal = AEEAAEB22C92936000C926FC /* Project object */;
			proxyType = 1;
			remoteGlobalIDString = AE92B0812C932ACD002C51F2;
			remoteInfo = AppStoreUI;
		};
		AE92B08D2C932ACE002C51F2 /* PBXContainerItemProxy */ = {
			isa = PBXContainerItemProxy;
			containerPortal = AEEAAEB22C92936000C926FC /* Project object */;
			proxyType = 1;
			remoteGlobalIDString = AEEAAEB92C92936000C926FC;
			remoteInfo = AppStoreSearch;
		};
		AE92B0932C932ACE002C51F2 /* PBXContainerItemProxy */ = {
			isa = PBXContainerItemProxy;
			containerPortal = AEEAAEB22C92936000C926FC /* Project object */;
			proxyType = 1;
			remoteGlobalIDString = AE92B0812C932ACD002C51F2;
			remoteInfo = AppStoreUI;
		};
		AEEAAED12C92936100C926FC /* PBXContainerItemProxy */ = {
			isa = PBXContainerItemProxy;
			containerPortal = AEEAAEB22C92936000C926FC /* Project object */;
			proxyType = 1;
			remoteGlobalIDString = AEEAAEB92C92936000C926FC;
			remoteInfo = AppStoreSearch;
		};
		AEEAAEDB2C92936100C926FC /* PBXContainerItemProxy */ = {
			isa = PBXContainerItemProxy;
			containerPortal = AEEAAEB22C92936000C926FC /* Project object */;
			proxyType = 1;
			remoteGlobalIDString = AEEAAEB92C92936000C926FC;
			remoteInfo = AppStoreSearch;
		};
		AEEAAFF82C92A5A100C926FC /* PBXContainerItemProxy */ = {
			isa = PBXContainerItemProxy;
			containerPortal = AEEAAEB22C92936000C926FC /* Project object */;
			proxyType = 1;
			remoteGlobalIDString = AEEAAFEE2C92A5A100C926FC;
			remoteInfo = AppStoreService;
		};
		AEEAAFFA2C92A5A100C926FC /* PBXContainerItemProxy */ = {
			isa = PBXContainerItemProxy;
			containerPortal = AEEAAEB22C92936000C926FC /* Project object */;
			proxyType = 1;
			remoteGlobalIDString = AEEAAEB92C92936000C926FC;
			remoteInfo = AppStoreSearch;
		};
		AEEAB0002C92A5A100C926FC /* PBXContainerItemProxy */ = {
			isa = PBXContainerItemProxy;
			containerPortal = AEEAAEB22C92936000C926FC /* Project object */;
			proxyType = 1;
			remoteGlobalIDString = AEEAAFEE2C92A5A100C926FC;
			remoteInfo = AppStoreService;
		};
		AEEAB0232C92B7D200C926FC /* PBXContainerItemProxy */ = {
			isa = PBXContainerItemProxy;
			containerPortal = AEEAAEB22C92936000C926FC /* Project object */;
			proxyType = 1;
			remoteGlobalIDString = AEEAAFEE2C92A5A100C926FC;
			remoteInfo = AppStoreService;
		};
		AEEAB03B2C92C10900C926FC /* PBXContainerItemProxy */ = {
			isa = PBXContainerItemProxy;
			containerPortal = AEEAAEB22C92936000C926FC /* Project object */;
			proxyType = 1;
			remoteGlobalIDString = AEEAB0312C92C10900C926FC;
			remoteInfo = RecentsService;
		};
		AEEAB03D2C92C10900C926FC /* PBXContainerItemProxy */ = {
			isa = PBXContainerItemProxy;
			containerPortal = AEEAAEB22C92936000C926FC /* Project object */;
			proxyType = 1;
			remoteGlobalIDString = AEEAAEB92C92936000C926FC;
			remoteInfo = AppStoreSearch;
		};
		AEEAB0432C92C10900C926FC /* PBXContainerItemProxy */ = {
			isa = PBXContainerItemProxy;
			containerPortal = AEEAAEB22C92936000C926FC /* Project object */;
			proxyType = 1;
			remoteGlobalIDString = AEEAB0312C92C10900C926FC;
			remoteInfo = RecentsService;
		};
		AEEB83EB2C92D5C200EC79CF /* PBXContainerItemProxy */ = {
			isa = PBXContainerItemProxy;
			containerPortal = AEEAAEB22C92936000C926FC /* Project object */;
			proxyType = 1;
			remoteGlobalIDString = AEEAB0312C92C10900C926FC;
			remoteInfo = RecentsService;
		};
/* End PBXContainerItemProxy section */

/* Begin PBXCopyFilesBuildPhase section */
		AEEAB0042C92A5A100C926FC /* Embed Frameworks */ = {
			isa = PBXCopyFilesBuildPhase;
			buildActionMask = 2147483647;
			dstPath = "";
			dstSubfolderSpec = 10;
			files = (
				AEEAB0032C92A5A100C926FC /* AppStoreService.framework in Embed Frameworks */,
				AE92B0962C932ACE002C51F2 /* AppStoreUI.framework in Embed Frameworks */,
				AEEAB0462C92C10900C926FC /* RecentsService.framework in Embed Frameworks */,
			);
			name = "Embed Frameworks";
			runOnlyForDeploymentPostprocessing = 0;
		};
		AEEAB0172C92B7CB00C926FC /* CopyFiles */ = {
			isa = PBXCopyFilesBuildPhase;
			buildActionMask = 2147483647;
			dstPath = /usr/share/man/man1/;
			dstSubfolderSpec = 0;
			files = (
			);
			runOnlyForDeploymentPostprocessing = 1;
		};
		AEEAB0252C92B7D200C926FC /* Embed Frameworks */ = {
			isa = PBXCopyFilesBuildPhase;
			buildActionMask = 2147483647;
			dstPath = "";
			dstSubfolderSpec = 10;
			files = (
				AEEAB0222C92B7D200C926FC /* AppStoreService.framework in Embed Frameworks */,
			);
			name = "Embed Frameworks";
			runOnlyForDeploymentPostprocessing = 0;
		};
		AEEB83DC2C92D58F00EC79CF /* CopyFiles */ = {
			isa = PBXCopyFilesBuildPhase;
			buildActionMask = 2147483647;
			dstPath = /usr/share/man/man1/;
			dstSubfolderSpec = 0;
			files = (
			);
			runOnlyForDeploymentPostprocessing = 1;
		};
		AEEB83ED2C92D5C200EC79CF /* Embed Frameworks */ = {
			isa = PBXCopyFilesBuildPhase;
			buildActionMask = 2147483647;
			dstPath = "";
			dstSubfolderSpec = 10;
			files = (
				AEEB83EA2C92D5C200EC79CF /* RecentsService.framework in Embed Frameworks */,
			);
			name = "Embed Frameworks";
			runOnlyForDeploymentPostprocessing = 0;
		};
/* End PBXCopyFilesBuildPhase section */

/* Begin PBXFileReference section */
		AE92B07B2C932681002C51F2 /* UIViewController+.swift */ = {isa = PBXFileReference; lastKnownFileType = sourcecode.swift; path = "UIViewController+.swift"; sourceTree = "<group>"; };
		AE92B0822C932ACD002C51F2 /* AppStoreUI.framework */ = {isa = PBXFileReference; explicitFileType = wrapper.framework; includeInIndex = 0; path = AppStoreUI.framework; sourceTree = BUILT_PRODUCTS_DIR; };
		AE92B0842C932ACD002C51F2 /* AppStoreUI.h */ = {isa = PBXFileReference; lastKnownFileType = sourcecode.c.h; path = AppStoreUI.h; sourceTree = "<group>"; };
		AE92B0892C932ACE002C51F2 /* AppStoreUITests.xctest */ = {isa = PBXFileReference; explicitFileType = wrapper.cfbundle; includeInIndex = 0; path = AppStoreUITests.xctest; sourceTree = BUILT_PRODUCTS_DIR; };
		AE92B0902C932ACE002C51F2 /* AppStoreUITests.swift */ = {isa = PBXFileReference; lastKnownFileType = sourcecode.swift; path = AppStoreUITests.swift; sourceTree = "<group>"; };
		AEEAAEBA2C92936000C926FC /* AppStoreSearch.app */ = {isa = PBXFileReference; explicitFileType = wrapper.application; includeInIndex = 0; path = AppStoreSearch.app; sourceTree = BUILT_PRODUCTS_DIR; };
		AEEAAEBD2C92936000C926FC /* AppDelegate.swift */ = {isa = PBXFileReference; lastKnownFileType = sourcecode.swift; path = AppDelegate.swift; sourceTree = "<group>"; };
		AEEAAEBF2C92936000C926FC /* SceneDelegate.swift */ = {isa = PBXFileReference; lastKnownFileType = sourcecode.swift; path = SceneDelegate.swift; sourceTree = "<group>"; };
		AEEAAEC12C92936000C926FC /* ViewController.swift */ = {isa = PBXFileReference; lastKnownFileType = sourcecode.swift; path = ViewController.swift; sourceTree = "<group>"; };
		AEEAAEC42C92936000C926FC /* Base */ = {isa = PBXFileReference; lastKnownFileType = file.storyboard; name = Base; path = Base.lproj/Main.storyboard; sourceTree = "<group>"; };
		AEEAAEC62C92936100C926FC /* Assets.xcassets */ = {isa = PBXFileReference; lastKnownFileType = folder.assetcatalog; path = Assets.xcassets; sourceTree = "<group>"; };
		AEEAAEC92C92936100C926FC /* Base */ = {isa = PBXFileReference; lastKnownFileType = file.storyboard; name = Base; path = Base.lproj/LaunchScreen.storyboard; sourceTree = "<group>"; };
		AEEAAECB2C92936100C926FC /* Info.plist */ = {isa = PBXFileReference; lastKnownFileType = text.plist.xml; path = Info.plist; sourceTree = "<group>"; };
		AEEAAED02C92936100C926FC /* AppStoreSearchTests.xctest */ = {isa = PBXFileReference; explicitFileType = wrapper.cfbundle; includeInIndex = 0; path = AppStoreSearchTests.xctest; sourceTree = BUILT_PRODUCTS_DIR; };
		AEEAAED42C92936100C926FC /* AppStoreSearchTests.swift */ = {isa = PBXFileReference; lastKnownFileType = sourcecode.swift; path = AppStoreSearchTests.swift; sourceTree = "<group>"; };
		AEEAAEDA2C92936100C926FC /* AppStoreSearchUITests.xctest */ = {isa = PBXFileReference; explicitFileType = wrapper.cfbundle; includeInIndex = 0; path = AppStoreSearchUITests.xctest; sourceTree = BUILT_PRODUCTS_DIR; };
		AEEAAEDE2C92936100C926FC /* AppStoreSearchUITests.swift */ = {isa = PBXFileReference; lastKnownFileType = sourcecode.swift; path = AppStoreSearchUITests.swift; sourceTree = "<group>"; };
		AEEAAEE02C92936100C926FC /* AppStoreSearchUITestsLaunchTests.swift */ = {isa = PBXFileReference; lastKnownFileType = sourcecode.swift; path = AppStoreSearchUITestsLaunchTests.swift; sourceTree = "<group>"; };
		AEEAAFEF2C92A5A100C926FC /* AppStoreService.framework */ = {isa = PBXFileReference; explicitFileType = wrapper.framework; includeInIndex = 0; path = AppStoreService.framework; sourceTree = BUILT_PRODUCTS_DIR; };
		AEEAAFF12C92A5A100C926FC /* AppStoreService.h */ = {isa = PBXFileReference; lastKnownFileType = sourcecode.c.h; path = AppStoreService.h; sourceTree = "<group>"; };
		AEEAAFF62C92A5A100C926FC /* AppStoreServiceTests.xctest */ = {isa = PBXFileReference; explicitFileType = wrapper.cfbundle; includeInIndex = 0; path = AppStoreServiceTests.xctest; sourceTree = BUILT_PRODUCTS_DIR; };
		AEEAAFFD2C92A5A100C926FC /* AppStoreServiceTests.swift */ = {isa = PBXFileReference; lastKnownFileType = sourcecode.swift; path = AppStoreServiceTests.swift; sourceTree = "<group>"; };
		AEEAB00B2C92A61500C926FC /* AppDTO.swift */ = {isa = PBXFileReference; fileEncoding = 4; lastKnownFileType = sourcecode.swift; path = AppDTO.swift; sourceTree = "<group>"; };
		AEEAB00C2C92A61600C926FC /* AppStoreRepository.swift */ = {isa = PBXFileReference; fileEncoding = 4; lastKnownFileType = sourcecode.swift; path = AppStoreRepository.swift; sourceTree = "<group>"; };
		AEEAB00F2C92B1E800C926FC /* TestHelper.swift */ = {isa = PBXFileReference; lastKnownFileType = sourcecode.swift; path = TestHelper.swift; sourceTree = "<group>"; };
		AEEAB0112C92B22300C926FC /* DefaultAppStoreRepository.swift */ = {isa = PBXFileReference; lastKnownFileType = sourcecode.swift; path = DefaultAppStoreRepository.swift; sourceTree = "<group>"; };
		AEEAB0132C92B59F00C926FC /* AppStoreService.swift */ = {isa = PBXFileReference; lastKnownFileType = sourcecode.swift; path = AppStoreService.swift; sourceTree = "<group>"; };
		AEEAB0192C92B7CB00C926FC /* AppStoreServiceRun */ = {isa = PBXFileReference; explicitFileType = "compiled.mach-o.executable"; includeInIndex = 0; path = AppStoreServiceRun; sourceTree = BUILT_PRODUCTS_DIR; };
		AEEAB02B2C92BE7800C926FC /* AppStoreRun.swift */ = {isa = PBXFileReference; lastKnownFileType = sourcecode.swift; path = AppStoreRun.swift; sourceTree = "<group>"; };
		AEEAB0322C92C10900C926FC /* RecentsService.framework */ = {isa = PBXFileReference; explicitFileType = wrapper.framework; includeInIndex = 0; path = RecentsService.framework; sourceTree = BUILT_PRODUCTS_DIR; };
		AEEAB0342C92C10900C926FC /* RecentsService.h */ = {isa = PBXFileReference; lastKnownFileType = sourcecode.c.h; path = RecentsService.h; sourceTree = "<group>"; };
		AEEAB0392C92C10900C926FC /* RecentsServiceTests.xctest */ = {isa = PBXFileReference; explicitFileType = wrapper.cfbundle; includeInIndex = 0; path = RecentsServiceTests.xctest; sourceTree = BUILT_PRODUCTS_DIR; };
		AEEAB0402C92C10900C926FC /* RecentsServiceTests.swift */ = {isa = PBXFileReference; lastKnownFileType = sourcecode.swift; path = RecentsServiceTests.swift; sourceTree = "<group>"; };
		AEEAB04D2C92C1A900C926FC /* RecentsRepository.swift */ = {isa = PBXFileReference; lastKnownFileType = sourcecode.swift; path = RecentsRepository.swift; sourceTree = "<group>"; };
		AEEAB04F2C92C23C00C926FC /* DefaultRecentsRepository.swift */ = {isa = PBXFileReference; lastKnownFileType = sourcecode.swift; path = DefaultRecentsRepository.swift; sourceTree = "<group>"; };
		AEEAB0522C92C2D200C926FC /* Recents.xcdatamodel */ = {isa = PBXFileReference; lastKnownFileType = wrapper.xcdatamodel; path = Recents.xcdatamodel; sourceTree = "<group>"; };
		AEEB83D82C92D17200EC79CF /* RecentsService.swift */ = {isa = PBXFileReference; lastKnownFileType = sourcecode.swift; path = RecentsService.swift; sourceTree = "<group>"; };
		AEEB83DE2C92D58F00EC79CF /* RecentsServiceRun */ = {isa = PBXFileReference; explicitFileType = "compiled.mach-o.executable"; includeInIndex = 0; path = RecentsServiceRun; sourceTree = BUILT_PRODUCTS_DIR; };
		AEEB83E52C92D5A100EC79CF /* RecentsRun.swift */ = {isa = PBXFileReference; lastKnownFileType = sourcecode.swift; path = RecentsRun.swift; sourceTree = "<group>"; };
		AEEB83EE2C92E22700EC79CF /* CoreDataManager.swift */ = {isa = PBXFileReference; lastKnownFileType = sourcecode.swift; path = CoreDataManager.swift; sourceTree = "<group>"; };
/* End PBXFileReference section */

/* Begin PBXFrameworksBuildPhase section */
		AE92B07F2C932ACD002C51F2 /* Frameworks */ = {
			isa = PBXFrameworksBuildPhase;
			buildActionMask = 2147483647;
			files = (
			);
			runOnlyForDeploymentPostprocessing = 0;
		};
		AE92B0862C932ACE002C51F2 /* Frameworks */ = {
			isa = PBXFrameworksBuildPhase;
			buildActionMask = 2147483647;
			files = (
				AE92B08A2C932ACE002C51F2 /* AppStoreUI.framework in Frameworks */,
			);
			runOnlyForDeploymentPostprocessing = 0;
		};
		AEEAAEB72C92936000C926FC /* Frameworks */ = {
			isa = PBXFrameworksBuildPhase;
			buildActionMask = 2147483647;
			files = (
				AEEAB0022C92A5A100C926FC /* AppStoreService.framework in Frameworks */,
				AE92B0952C932ACE002C51F2 /* AppStoreUI.framework in Frameworks */,
				AEEAB0452C92C10900C926FC /* RecentsService.framework in Frameworks */,
			);
			runOnlyForDeploymentPostprocessing = 0;
		};
		AEEAAECD2C92936100C926FC /* Frameworks */ = {
			isa = PBXFrameworksBuildPhase;
			buildActionMask = 2147483647;
			files = (
			);
			runOnlyForDeploymentPostprocessing = 0;
		};
		AEEAAED72C92936100C926FC /* Frameworks */ = {
			isa = PBXFrameworksBuildPhase;
			buildActionMask = 2147483647;
			files = (
			);
			runOnlyForDeploymentPostprocessing = 0;
		};
		AEEAAFEC2C92A5A100C926FC /* Frameworks */ = {
			isa = PBXFrameworksBuildPhase;
			buildActionMask = 2147483647;
			files = (
			);
			runOnlyForDeploymentPostprocessing = 0;
		};
		AEEAAFF32C92A5A100C926FC /* Frameworks */ = {
			isa = PBXFrameworksBuildPhase;
			buildActionMask = 2147483647;
			files = (
				AEEAAFF72C92A5A100C926FC /* AppStoreService.framework in Frameworks */,
			);
			runOnlyForDeploymentPostprocessing = 0;
		};
		AEEAB0162C92B7CB00C926FC /* Frameworks */ = {
			isa = PBXFrameworksBuildPhase;
			buildActionMask = 2147483647;
			files = (
				AEEAB0282C92B9FC00C926FC /* ArgumentParser in Frameworks */,
				AEEAB0212C92B7D200C926FC /* AppStoreService.framework in Frameworks */,
			);
			runOnlyForDeploymentPostprocessing = 0;
		};
		AEEAB02F2C92C10900C926FC /* Frameworks */ = {
			isa = PBXFrameworksBuildPhase;
			buildActionMask = 2147483647;
			files = (
			);
			runOnlyForDeploymentPostprocessing = 0;
		};
		AEEAB0362C92C10900C926FC /* Frameworks */ = {
			isa = PBXFrameworksBuildPhase;
			buildActionMask = 2147483647;
			files = (
				AEEAB03A2C92C10900C926FC /* RecentsService.framework in Frameworks */,
			);
			runOnlyForDeploymentPostprocessing = 0;
		};
		AEEB83DB2C92D58F00EC79CF /* Frameworks */ = {
			isa = PBXFrameworksBuildPhase;
			buildActionMask = 2147483647;
			files = (
				AEEB83E82C92D5C200EC79CF /* ArgumentParser in Frameworks */,
				AEEB83E92C92D5C200EC79CF /* RecentsService.framework in Frameworks */,
			);
			runOnlyForDeploymentPostprocessing = 0;
		};
/* End PBXFrameworksBuildPhase section */

/* Begin PBXGroup section */
		AE92B0832C932ACD002C51F2 /* AppStoreUI */ = {
			isa = PBXGroup;
			children = (
				AE92B0842C932ACD002C51F2 /* AppStoreUI.h */,
			);
			path = AppStoreUI;
			sourceTree = "<group>";
		};
		AE92B08F2C932ACE002C51F2 /* AppStoreUITests */ = {
			isa = PBXGroup;
			children = (
				AE92B0902C932ACE002C51F2 /* AppStoreUITests.swift */,
			);
			path = AppStoreUITests;
			sourceTree = "<group>";
		};
		AEEAAEB12C92936000C926FC = {
			isa = PBXGroup;
			children = (
				AEEAAEBC2C92936000C926FC /* AppStoreSearch */,
				AEEAAED32C92936100C926FC /* AppStoreSearchTests */,
				AEEAAEDD2C92936100C926FC /* AppStoreSearchUITests */,
				AEEAAFF02C92A5A100C926FC /* AppStoreService */,
				AEEAAFFC2C92A5A100C926FC /* AppStoreServiceTests */,
				AEEAB01A2C92B7CB00C926FC /* AppStoreServiceRun */,
				AEEAB0332C92C10900C926FC /* RecentsService */,
				AEEAB03F2C92C10900C926FC /* RecentsServiceTests */,
				AEEB83DF2C92D58F00EC79CF /* RecentsServiceRun */,
				AE92B0832C932ACD002C51F2 /* AppStoreUI */,
				AE92B08F2C932ACE002C51F2 /* AppStoreUITests */,
				AEEAAEBB2C92936000C926FC /* Products */,
				AEEAB0202C92B7D200C926FC /* Frameworks */,
			);
			sourceTree = "<group>";
		};
		AEEAAEBB2C92936000C926FC /* Products */ = {
			isa = PBXGroup;
			children = (
				AEEAAEBA2C92936000C926FC /* AppStoreSearch.app */,
				AEEAAED02C92936100C926FC /* AppStoreSearchTests.xctest */,
				AEEAAEDA2C92936100C926FC /* AppStoreSearchUITests.xctest */,
				AEEAAFEF2C92A5A100C926FC /* AppStoreService.framework */,
				AEEAAFF62C92A5A100C926FC /* AppStoreServiceTests.xctest */,
				AEEAB0192C92B7CB00C926FC /* AppStoreServiceRun */,
				AEEAB0322C92C10900C926FC /* RecentsService.framework */,
				AEEAB0392C92C10900C926FC /* RecentsServiceTests.xctest */,
				AEEB83DE2C92D58F00EC79CF /* RecentsServiceRun */,
				AE92B0822C932ACD002C51F2 /* AppStoreUI.framework */,
				AE92B0892C932ACE002C51F2 /* AppStoreUITests.xctest */,
			);
			name = Products;
			sourceTree = "<group>";
		};
		AEEAAEBC2C92936000C926FC /* AppStoreSearch */ = {
			isa = PBXGroup;
			children = (
				AEEAAEBD2C92936000C926FC /* AppDelegate.swift */,
				AEEAAEBF2C92936000C926FC /* SceneDelegate.swift */,
				AEEAAEC12C92936000C926FC /* ViewController.swift */,
				AE92B07B2C932681002C51F2 /* UIViewController+.swift */,
				AEEAAEC32C92936000C926FC /* Main.storyboard */,
				AEEAAEC62C92936100C926FC /* Assets.xcassets */,
				AEEAAEC82C92936100C926FC /* LaunchScreen.storyboard */,
				AEEAAECB2C92936100C926FC /* Info.plist */,
			);
			path = AppStoreSearch;
			sourceTree = "<group>";
		};
		AEEAAED32C92936100C926FC /* AppStoreSearchTests */ = {
			isa = PBXGroup;
			children = (
				AEEAAED42C92936100C926FC /* AppStoreSearchTests.swift */,
			);
			path = AppStoreSearchTests;
			sourceTree = "<group>";
		};
		AEEAAEDD2C92936100C926FC /* AppStoreSearchUITests */ = {
			isa = PBXGroup;
			children = (
				AEEAAEDE2C92936100C926FC /* AppStoreSearchUITests.swift */,
				AEEAAEE02C92936100C926FC /* AppStoreSearchUITestsLaunchTests.swift */,
			);
			path = AppStoreSearchUITests;
			sourceTree = "<group>";
		};
		AEEAAFF02C92A5A100C926FC /* AppStoreService */ = {
			isa = PBXGroup;
			children = (
				AEEAAFF12C92A5A100C926FC /* AppStoreService.h */,
				AEEAB0132C92B59F00C926FC /* AppStoreService.swift */,
				AEEAB00B2C92A61500C926FC /* AppDTO.swift */,
				AEEAB00C2C92A61600C926FC /* AppStoreRepository.swift */,
				AEEAB0112C92B22300C926FC /* DefaultAppStoreRepository.swift */,
			);
			path = AppStoreService;
			sourceTree = "<group>";
		};
		AEEAAFFC2C92A5A100C926FC /* AppStoreServiceTests */ = {
			isa = PBXGroup;
			children = (
				AEEAAFFD2C92A5A100C926FC /* AppStoreServiceTests.swift */,
				AEEAB00F2C92B1E800C926FC /* TestHelper.swift */,
			);
			path = AppStoreServiceTests;
			sourceTree = "<group>";
		};
		AEEAB01A2C92B7CB00C926FC /* AppStoreServiceRun */ = {
			isa = PBXGroup;
			children = (
				AEEAB02B2C92BE7800C926FC /* AppStoreRun.swift */,
			);
			path = AppStoreServiceRun;
			sourceTree = "<group>";
		};
		AEEAB0202C92B7D200C926FC /* Frameworks */ = {
			isa = PBXGroup;
			children = (
			);
			name = Frameworks;
			sourceTree = "<group>";
		};
		AEEAB0332C92C10900C926FC /* RecentsService */ = {
			isa = PBXGroup;
			children = (
				AEEAB0342C92C10900C926FC /* RecentsService.h */,
				AEEB83D82C92D17200EC79CF /* RecentsService.swift */,
				AEEAB04D2C92C1A900C926FC /* RecentsRepository.swift */,
				AEEAB04F2C92C23C00C926FC /* DefaultRecentsRepository.swift */,
				AEEB83EE2C92E22700EC79CF /* CoreDataManager.swift */,
				AEEAB0512C92C2D200C926FC /* Recents.xcdatamodeld */,
			);
			path = RecentsService;
			sourceTree = "<group>";
		};
		AEEAB03F2C92C10900C926FC /* RecentsServiceTests */ = {
			isa = PBXGroup;
			children = (
				AEEAB0402C92C10900C926FC /* RecentsServiceTests.swift */,
			);
			path = RecentsServiceTests;
			sourceTree = "<group>";
		};
		AEEB83DF2C92D58F00EC79CF /* RecentsServiceRun */ = {
			isa = PBXGroup;
			children = (
				AEEB83E52C92D5A100EC79CF /* RecentsRun.swift */,
			);
			path = RecentsServiceRun;
			sourceTree = "<group>";
		};
/* End PBXGroup section */

/* Begin PBXHeadersBuildPhase section */
		AE92B07D2C932ACD002C51F2 /* Headers */ = {
			isa = PBXHeadersBuildPhase;
			buildActionMask = 2147483647;
			files = (
				AE92B0922C932ACE002C51F2 /* AppStoreUI.h in Headers */,
			);
			runOnlyForDeploymentPostprocessing = 0;
		};
		AEEAAFEA2C92A5A100C926FC /* Headers */ = {
			isa = PBXHeadersBuildPhase;
			buildActionMask = 2147483647;
			files = (
				AEEAAFFF2C92A5A100C926FC /* AppStoreService.h in Headers */,
			);
			runOnlyForDeploymentPostprocessing = 0;
		};
		AEEAB02D2C92C10900C926FC /* Headers */ = {
			isa = PBXHeadersBuildPhase;
			buildActionMask = 2147483647;
			files = (
				AEEAB0422C92C10900C926FC /* RecentsService.h in Headers */,
			);
			runOnlyForDeploymentPostprocessing = 0;
		};
/* End PBXHeadersBuildPhase section */

/* Begin PBXNativeTarget section */
		AE92B0812C932ACD002C51F2 /* AppStoreUI */ = {
			isa = PBXNativeTarget;
			buildConfigurationList = AE92B0972C932ACE002C51F2 /* Build configuration list for PBXNativeTarget "AppStoreUI" */;
			buildPhases = (
				AE92B07D2C932ACD002C51F2 /* Headers */,
				AE92B07E2C932ACD002C51F2 /* Sources */,
				AE92B07F2C932ACD002C51F2 /* Frameworks */,
				AE92B0802C932ACD002C51F2 /* Resources */,
			);
			buildRules = (
			);
			dependencies = (
			);
			name = AppStoreUI;
			productName = AppStoreUI;
			productReference = AE92B0822C932ACD002C51F2 /* AppStoreUI.framework */;
			productType = "com.apple.product-type.framework";
		};
		AE92B0882C932ACE002C51F2 /* AppStoreUITests */ = {
			isa = PBXNativeTarget;
			buildConfigurationList = AE92B09A2C932ACE002C51F2 /* Build configuration list for PBXNativeTarget "AppStoreUITests" */;
			buildPhases = (
				AE92B0852C932ACE002C51F2 /* Sources */,
				AE92B0862C932ACE002C51F2 /* Frameworks */,
				AE92B0872C932ACE002C51F2 /* Resources */,
			);
			buildRules = (
			);
			dependencies = (
				AE92B08C2C932ACE002C51F2 /* PBXTargetDependency */,
				AE92B08E2C932ACE002C51F2 /* PBXTargetDependency */,
			);
			name = AppStoreUITests;
			productName = AppStoreUITests;
			productReference = AE92B0892C932ACE002C51F2 /* AppStoreUITests.xctest */;
			productType = "com.apple.product-type.bundle.unit-test";
		};
		AEEAAEB92C92936000C926FC /* AppStoreSearch */ = {
			isa = PBXNativeTarget;
			buildConfigurationList = AEEAAEE42C92936100C926FC /* Build configuration list for PBXNativeTarget "AppStoreSearch" */;
			buildPhases = (
				AEEAAEB62C92936000C926FC /* Sources */,
				AEEAAEB72C92936000C926FC /* Frameworks */,
				AEEAAEB82C92936000C926FC /* Resources */,
				AEEAB0042C92A5A100C926FC /* Embed Frameworks */,
			);
			buildRules = (
			);
			dependencies = (
				AEEAB0012C92A5A100C926FC /* PBXTargetDependency */,
				AEEAB0442C92C10900C926FC /* PBXTargetDependency */,
				AE92B0942C932ACE002C51F2 /* PBXTargetDependency */,
			);
			name = AppStoreSearch;
			productName = AppStoreSearch;
			productReference = AEEAAEBA2C92936000C926FC /* AppStoreSearch.app */;
			productType = "com.apple.product-type.application";
		};
		AEEAAECF2C92936100C926FC /* AppStoreSearchTests */ = {
			isa = PBXNativeTarget;
			buildConfigurationList = AEEAAEE72C92936100C926FC /* Build configuration list for PBXNativeTarget "AppStoreSearchTests" */;
			buildPhases = (
				AEEAAECC2C92936100C926FC /* Sources */,
				AEEAAECD2C92936100C926FC /* Frameworks */,
				AEEAAECE2C92936100C926FC /* Resources */,
			);
			buildRules = (
			);
			dependencies = (
				AEEAAED22C92936100C926FC /* PBXTargetDependency */,
			);
			name = AppStoreSearchTests;
			productName = AppStoreSearchTests;
			productReference = AEEAAED02C92936100C926FC /* AppStoreSearchTests.xctest */;
			productType = "com.apple.product-type.bundle.unit-test";
		};
		AEEAAED92C92936100C926FC /* AppStoreSearchUITests */ = {
			isa = PBXNativeTarget;
			buildConfigurationList = AEEAAEEA2C92936100C926FC /* Build configuration list for PBXNativeTarget "AppStoreSearchUITests" */;
			buildPhases = (
				AEEAAED62C92936100C926FC /* Sources */,
				AEEAAED72C92936100C926FC /* Frameworks */,
				AEEAAED82C92936100C926FC /* Resources */,
			);
			buildRules = (
			);
			dependencies = (
				AEEAAEDC2C92936100C926FC /* PBXTargetDependency */,
			);
			name = AppStoreSearchUITests;
			productName = AppStoreSearchUITests;
			productReference = AEEAAEDA2C92936100C926FC /* AppStoreSearchUITests.xctest */;
			productType = "com.apple.product-type.bundle.ui-testing";
		};
		AEEAAFEE2C92A5A100C926FC /* AppStoreService */ = {
			isa = PBXNativeTarget;
			buildConfigurationList = AEEAB0092C92A5A100C926FC /* Build configuration list for PBXNativeTarget "AppStoreService" */;
			buildPhases = (
				AEEAAFEA2C92A5A100C926FC /* Headers */,
				AEEAAFEB2C92A5A100C926FC /* Sources */,
				AEEAAFEC2C92A5A100C926FC /* Frameworks */,
				AEEAAFED2C92A5A100C926FC /* Resources */,
			);
			buildRules = (
			);
			dependencies = (
			);
			name = AppStoreService;
			productName = AppStoreService;
			productReference = AEEAAFEF2C92A5A100C926FC /* AppStoreService.framework */;
			productType = "com.apple.product-type.framework";
		};
		AEEAAFF52C92A5A100C926FC /* AppStoreServiceTests */ = {
			isa = PBXNativeTarget;
			buildConfigurationList = AEEAB00A2C92A5A100C926FC /* Build configuration list for PBXNativeTarget "AppStoreServiceTests" */;
			buildPhases = (
				AEEAAFF22C92A5A100C926FC /* Sources */,
				AEEAAFF32C92A5A100C926FC /* Frameworks */,
				AEEAAFF42C92A5A100C926FC /* Resources */,
			);
			buildRules = (
			);
			dependencies = (
				AEEAAFF92C92A5A100C926FC /* PBXTargetDependency */,
				AEEAAFFB2C92A5A100C926FC /* PBXTargetDependency */,
			);
			name = AppStoreServiceTests;
			productName = AppStoreServiceTests;
			productReference = AEEAAFF62C92A5A100C926FC /* AppStoreServiceTests.xctest */;
			productType = "com.apple.product-type.bundle.unit-test";
		};
		AEEAB0182C92B7CB00C926FC /* AppStoreServiceRun */ = {
			isa = PBXNativeTarget;
			buildConfigurationList = AEEAB01D2C92B7CB00C926FC /* Build configuration list for PBXNativeTarget "AppStoreServiceRun" */;
			buildPhases = (
				AEEAB0152C92B7CB00C926FC /* Sources */,
				AEEAB0162C92B7CB00C926FC /* Frameworks */,
				AEEAB0172C92B7CB00C926FC /* CopyFiles */,
				AEEAB0252C92B7D200C926FC /* Embed Frameworks */,
			);
			buildRules = (
			);
			dependencies = (
				AEEAB0242C92B7D200C926FC /* PBXTargetDependency */,
			);
			name = AppStoreServiceRun;
			packageProductDependencies = (
				AEEAB0272C92B9FC00C926FC /* ArgumentParser */,
			);
			productName = AppStoreServiceRun;
			productReference = AEEAB0192C92B7CB00C926FC /* AppStoreServiceRun */;
			productType = "com.apple.product-type.tool";
		};
		AEEAB0312C92C10900C926FC /* RecentsService */ = {
			isa = PBXNativeTarget;
			buildConfigurationList = AEEAB0472C92C10900C926FC /* Build configuration list for PBXNativeTarget "RecentsService" */;
			buildPhases = (
				AEEAB02D2C92C10900C926FC /* Headers */,
				AEEAB02E2C92C10900C926FC /* Sources */,
				AEEAB02F2C92C10900C926FC /* Frameworks */,
				AEEAB0302C92C10900C926FC /* Resources */,
			);
			buildRules = (
			);
			dependencies = (
			);
			name = RecentsService;
			productName = RecentsService;
			productReference = AEEAB0322C92C10900C926FC /* RecentsService.framework */;
			productType = "com.apple.product-type.framework";
		};
		AEEAB0382C92C10900C926FC /* RecentsServiceTests */ = {
			isa = PBXNativeTarget;
			buildConfigurationList = AEEAB04A2C92C10900C926FC /* Build configuration list for PBXNativeTarget "RecentsServiceTests" */;
			buildPhases = (
				AEEAB0352C92C10900C926FC /* Sources */,
				AEEAB0362C92C10900C926FC /* Frameworks */,
				AEEAB0372C92C10900C926FC /* Resources */,
			);
			buildRules = (
			);
			dependencies = (
				AEEAB03C2C92C10900C926FC /* PBXTargetDependency */,
				AEEAB03E2C92C10900C926FC /* PBXTargetDependency */,
			);
			name = RecentsServiceTests;
			productName = RecentsServiceTests;
			productReference = AEEAB0392C92C10900C926FC /* RecentsServiceTests.xctest */;
			productType = "com.apple.product-type.bundle.unit-test";
		};
		AEEB83DD2C92D58F00EC79CF /* RecentsServiceRun */ = {
			isa = PBXNativeTarget;
			buildConfigurationList = AEEB83E22C92D58F00EC79CF /* Build configuration list for PBXNativeTarget "RecentsServiceRun" */;
			buildPhases = (
				AEEB83DA2C92D58F00EC79CF /* Sources */,
				AEEB83DB2C92D58F00EC79CF /* Frameworks */,
				AEEB83DC2C92D58F00EC79CF /* CopyFiles */,
				AEEB83ED2C92D5C200EC79CF /* Embed Frameworks */,
			);
			buildRules = (
			);
			dependencies = (
				AEEB83EC2C92D5C200EC79CF /* PBXTargetDependency */,
			);
			name = RecentsServiceRun;
			packageProductDependencies = (
				AEEB83E72C92D5C200EC79CF /* ArgumentParser */,
			);
			productName = RecentsServiceRun;
			productReference = AEEB83DE2C92D58F00EC79CF /* RecentsServiceRun */;
			productType = "com.apple.product-type.tool";
		};
/* End PBXNativeTarget section */

/* Begin PBXProject section */
		AEEAAEB22C92936000C926FC /* Project object */ = {
			isa = PBXProject;
			attributes = {
				BuildIndependentTargetsInParallel = 1;
				LastSwiftUpdateCheck = 1540;
				LastUpgradeCheck = 1540;
				TargetAttributes = {
					AE92B0812C932ACD002C51F2 = {
						CreatedOnToolsVersion = 15.4;
					};
					AE92B0882C932ACE002C51F2 = {
						CreatedOnToolsVersion = 15.4;
						TestTargetID = AEEAAEB92C92936000C926FC;
					};
					AEEAAEB92C92936000C926FC = {
						CreatedOnToolsVersion = 15.4;
					};
					AEEAAECF2C92936100C926FC = {
						CreatedOnToolsVersion = 15.4;
						TestTargetID = AEEAAEB92C92936000C926FC;
					};
					AEEAAED92C92936100C926FC = {
						CreatedOnToolsVersion = 15.4;
						TestTargetID = AEEAAEB92C92936000C926FC;
					};
					AEEAAFEE2C92A5A100C926FC = {
						CreatedOnToolsVersion = 15.4;
						LastSwiftMigration = 1540;
					};
					AEEAAFF52C92A5A100C926FC = {
						CreatedOnToolsVersion = 15.4;
					};
					AEEAB0182C92B7CB00C926FC = {
						CreatedOnToolsVersion = 15.4;
					};
					AEEAB0312C92C10900C926FC = {
						CreatedOnToolsVersion = 15.4;
						LastSwiftMigration = 1540;
					};
					AEEAB0382C92C10900C926FC = {
						CreatedOnToolsVersion = 15.4;
						TestTargetID = AEEAAEB92C92936000C926FC;
					};
					AEEB83DD2C92D58F00EC79CF = {
						CreatedOnToolsVersion = 15.4;
					};
				};
			};
			buildConfigurationList = AEEAAEB52C92936000C926FC /* Build configuration list for PBXProject "AppStoreSearch" */;
			compatibilityVersion = "Xcode 14.0";
			developmentRegion = en;
			hasScannedForEncodings = 0;
			knownRegions = (
				en,
				Base,
			);
			mainGroup = AEEAAEB12C92936000C926FC;
			packageReferences = (
				AEEAB0262C92B9FC00C926FC /* XCRemoteSwiftPackageReference "swift-argument-parser" */,
			);
			productRefGroup = AEEAAEBB2C92936000C926FC /* Products */;
			projectDirPath = "";
			projectRoot = "";
			targets = (
				AEEAAEB92C92936000C926FC /* AppStoreSearch */,
				AEEAAECF2C92936100C926FC /* AppStoreSearchTests */,
				AEEAAED92C92936100C926FC /* AppStoreSearchUITests */,
				AEEAAFEE2C92A5A100C926FC /* AppStoreService */,
				AEEAAFF52C92A5A100C926FC /* AppStoreServiceTests */,
				AEEAB0182C92B7CB00C926FC /* AppStoreServiceRun */,
				AEEAB0312C92C10900C926FC /* RecentsService */,
				AEEAB0382C92C10900C926FC /* RecentsServiceTests */,
				AEEB83DD2C92D58F00EC79CF /* RecentsServiceRun */,
				AE92B0812C932ACD002C51F2 /* AppStoreUI */,
				AE92B0882C932ACE002C51F2 /* AppStoreUITests */,
			);
		};
/* End PBXProject section */

/* Begin PBXResourcesBuildPhase section */
		AE92B0802C932ACD002C51F2 /* Resources */ = {
			isa = PBXResourcesBuildPhase;
			buildActionMask = 2147483647;
			files = (
			);
			runOnlyForDeploymentPostprocessing = 0;
		};
		AE92B0872C932ACE002C51F2 /* Resources */ = {
			isa = PBXResourcesBuildPhase;
			buildActionMask = 2147483647;
			files = (
			);
			runOnlyForDeploymentPostprocessing = 0;
		};
		AEEAAEB82C92936000C926FC /* Resources */ = {
			isa = PBXResourcesBuildPhase;
			buildActionMask = 2147483647;
			files = (
				AEEAAEC72C92936100C926FC /* Assets.xcassets in Resources */,
				AEEAAECA2C92936100C926FC /* Base in Resources */,
				AEEAAEC52C92936000C926FC /* Base in Resources */,
			);
			runOnlyForDeploymentPostprocessing = 0;
		};
		AEEAAECE2C92936100C926FC /* Resources */ = {
			isa = PBXResourcesBuildPhase;
			buildActionMask = 2147483647;
			files = (
			);
			runOnlyForDeploymentPostprocessing = 0;
		};
		AEEAAED82C92936100C926FC /* Resources */ = {
			isa = PBXResourcesBuildPhase;
			buildActionMask = 2147483647;
			files = (
			);
			runOnlyForDeploymentPostprocessing = 0;
		};
		AEEAAFED2C92A5A100C926FC /* Resources */ = {
			isa = PBXResourcesBuildPhase;
			buildActionMask = 2147483647;
			files = (
			);
			runOnlyForDeploymentPostprocessing = 0;
		};
		AEEAAFF42C92A5A100C926FC /* Resources */ = {
			isa = PBXResourcesBuildPhase;
			buildActionMask = 2147483647;
			files = (
			);
			runOnlyForDeploymentPostprocessing = 0;
		};
		AEEAB0302C92C10900C926FC /* Resources */ = {
			isa = PBXResourcesBuildPhase;
			buildActionMask = 2147483647;
			files = (
			);
			runOnlyForDeploymentPostprocessing = 0;
		};
		AEEAB0372C92C10900C926FC /* Resources */ = {
			isa = PBXResourcesBuildPhase;
			buildActionMask = 2147483647;
			files = (
			);
			runOnlyForDeploymentPostprocessing = 0;
		};
/* End PBXResourcesBuildPhase section */

/* Begin PBXSourcesBuildPhase section */
		AE92B07E2C932ACD002C51F2 /* Sources */ = {
			isa = PBXSourcesBuildPhase;
			buildActionMask = 2147483647;
			files = (
			);
			runOnlyForDeploymentPostprocessing = 0;
		};
		AE92B0852C932ACE002C51F2 /* Sources */ = {
			isa = PBXSourcesBuildPhase;
			buildActionMask = 2147483647;
			files = (
				AE92B0912C932ACE002C51F2 /* AppStoreUITests.swift in Sources */,
			);
			runOnlyForDeploymentPostprocessing = 0;
		};
		AEEAAEB62C92936000C926FC /* Sources */ = {
			isa = PBXSourcesBuildPhase;
			buildActionMask = 2147483647;
			files = (
				AEEAAEC22C92936000C926FC /* ViewController.swift in Sources */,
				AEEAAEBE2C92936000C926FC /* AppDelegate.swift in Sources */,
				AE92B07C2C932681002C51F2 /* UIViewController+.swift in Sources */,
				AEEAAEC02C92936000C926FC /* SceneDelegate.swift in Sources */,
			);
			runOnlyForDeploymentPostprocessing = 0;
		};
		AEEAAECC2C92936100C926FC /* Sources */ = {
			isa = PBXSourcesBuildPhase;
			buildActionMask = 2147483647;
			files = (
				AEEAAED52C92936100C926FC /* AppStoreSearchTests.swift in Sources */,
			);
			runOnlyForDeploymentPostprocessing = 0;
		};
		AEEAAED62C92936100C926FC /* Sources */ = {
			isa = PBXSourcesBuildPhase;
			buildActionMask = 2147483647;
			files = (
				AEEAAEE12C92936100C926FC /* AppStoreSearchUITestsLaunchTests.swift in Sources */,
				AEEAAEDF2C92936100C926FC /* AppStoreSearchUITests.swift in Sources */,
			);
			runOnlyForDeploymentPostprocessing = 0;
		};
		AEEAAFEB2C92A5A100C926FC /* Sources */ = {
			isa = PBXSourcesBuildPhase;
			buildActionMask = 2147483647;
			files = (
				AEEAB00D2C92A61600C926FC /* AppDTO.swift in Sources */,
				AEEAB0122C92B22300C926FC /* DefaultAppStoreRepository.swift in Sources */,
				AEEAB00E2C92A61600C926FC /* AppStoreRepository.swift in Sources */,
				AEEAB0142C92B59F00C926FC /* AppStoreService.swift in Sources */,
			);
			runOnlyForDeploymentPostprocessing = 0;
		};
		AEEAAFF22C92A5A100C926FC /* Sources */ = {
			isa = PBXSourcesBuildPhase;
			buildActionMask = 2147483647;
			files = (
				AEEAAFFE2C92A5A100C926FC /* AppStoreServiceTests.swift in Sources */,
				AEEAB0102C92B1E800C926FC /* TestHelper.swift in Sources */,
			);
			runOnlyForDeploymentPostprocessing = 0;
		};
		AEEAB0152C92B7CB00C926FC /* Sources */ = {
			isa = PBXSourcesBuildPhase;
			buildActionMask = 2147483647;
			files = (
				AEEAB02C2C92BE7800C926FC /* AppStoreRun.swift in Sources */,
			);
			runOnlyForDeploymentPostprocessing = 0;
		};
		AEEAB02E2C92C10900C926FC /* Sources */ = {
			isa = PBXSourcesBuildPhase;
			buildActionMask = 2147483647;
			files = (
				AEEB83D92C92D17200EC79CF /* RecentsService.swift in Sources */,
				AEEAB0502C92C23C00C926FC /* DefaultRecentsRepository.swift in Sources */,
				AEEAB04E2C92C1A900C926FC /* RecentsRepository.swift in Sources */,
				AEEB83EF2C92E22700EC79CF /* CoreDataManager.swift in Sources */,
				AEEAB0532C92C2D200C926FC /* Recents.xcdatamodeld in Sources */,
			);
			runOnlyForDeploymentPostprocessing = 0;
		};
		AEEAB0352C92C10900C926FC /* Sources */ = {
			isa = PBXSourcesBuildPhase;
			buildActionMask = 2147483647;
			files = (
				AEEAB0412C92C10900C926FC /* RecentsServiceTests.swift in Sources */,
			);
			runOnlyForDeploymentPostprocessing = 0;
		};
		AEEB83DA2C92D58F00EC79CF /* Sources */ = {
			isa = PBXSourcesBuildPhase;
			buildActionMask = 2147483647;
			files = (
				AEEB83E62C92D5A100EC79CF /* RecentsRun.swift in Sources */,
			);
			runOnlyForDeploymentPostprocessing = 0;
		};
/* End PBXSourcesBuildPhase section */

/* Begin PBXTargetDependency section */
		AE92B08C2C932ACE002C51F2 /* PBXTargetDependency */ = {
			isa = PBXTargetDependency;
			target = AE92B0812C932ACD002C51F2 /* AppStoreUI */;
			targetProxy = AE92B08B2C932ACE002C51F2 /* PBXContainerItemProxy */;
		};
		AE92B08E2C932ACE002C51F2 /* PBXTargetDependency */ = {
			isa = PBXTargetDependency;
			target = AEEAAEB92C92936000C926FC /* AppStoreSearch */;
			targetProxy = AE92B08D2C932ACE002C51F2 /* PBXContainerItemProxy */;
		};
		AE92B0942C932ACE002C51F2 /* PBXTargetDependency */ = {
			isa = PBXTargetDependency;
			target = AE92B0812C932ACD002C51F2 /* AppStoreUI */;
			targetProxy = AE92B0932C932ACE002C51F2 /* PBXContainerItemProxy */;
		};
		AEEAAED22C92936100C926FC /* PBXTargetDependency */ = {
			isa = PBXTargetDependency;
			target = AEEAAEB92C92936000C926FC /* AppStoreSearch */;
			targetProxy = AEEAAED12C92936100C926FC /* PBXContainerItemProxy */;
		};
		AEEAAEDC2C92936100C926FC /* PBXTargetDependency */ = {
			isa = PBXTargetDependency;
			target = AEEAAEB92C92936000C926FC /* AppStoreSearch */;
			targetProxy = AEEAAEDB2C92936100C926FC /* PBXContainerItemProxy */;
		};
		AEEAAFF92C92A5A100C926FC /* PBXTargetDependency */ = {
			isa = PBXTargetDependency;
			target = AEEAAFEE2C92A5A100C926FC /* AppStoreService */;
			targetProxy = AEEAAFF82C92A5A100C926FC /* PBXContainerItemProxy */;
		};
		AEEAAFFB2C92A5A100C926FC /* PBXTargetDependency */ = {
			isa = PBXTargetDependency;
			target = AEEAAEB92C92936000C926FC /* AppStoreSearch */;
			targetProxy = AEEAAFFA2C92A5A100C926FC /* PBXContainerItemProxy */;
		};
		AEEAB0012C92A5A100C926FC /* PBXTargetDependency */ = {
			isa = PBXTargetDependency;
			target = AEEAAFEE2C92A5A100C926FC /* AppStoreService */;
			targetProxy = AEEAB0002C92A5A100C926FC /* PBXContainerItemProxy */;
		};
		AEEAB0242C92B7D200C926FC /* PBXTargetDependency */ = {
			isa = PBXTargetDependency;
			target = AEEAAFEE2C92A5A100C926FC /* AppStoreService */;
			targetProxy = AEEAB0232C92B7D200C926FC /* PBXContainerItemProxy */;
		};
		AEEAB03C2C92C10900C926FC /* PBXTargetDependency */ = {
			isa = PBXTargetDependency;
			target = AEEAB0312C92C10900C926FC /* RecentsService */;
			targetProxy = AEEAB03B2C92C10900C926FC /* PBXContainerItemProxy */;
		};
		AEEAB03E2C92C10900C926FC /* PBXTargetDependency */ = {
			isa = PBXTargetDependency;
			target = AEEAAEB92C92936000C926FC /* AppStoreSearch */;
			targetProxy = AEEAB03D2C92C10900C926FC /* PBXContainerItemProxy */;
		};
		AEEAB0442C92C10900C926FC /* PBXTargetDependency */ = {
			isa = PBXTargetDependency;
			target = AEEAB0312C92C10900C926FC /* RecentsService */;
			targetProxy = AEEAB0432C92C10900C926FC /* PBXContainerItemProxy */;
		};
		AEEB83EC2C92D5C200EC79CF /* PBXTargetDependency */ = {
			isa = PBXTargetDependency;
			target = AEEAB0312C92C10900C926FC /* RecentsService */;
			targetProxy = AEEB83EB2C92D5C200EC79CF /* PBXContainerItemProxy */;
		};
/* End PBXTargetDependency section */

/* Begin PBXVariantGroup section */
		AEEAAEC32C92936000C926FC /* Main.storyboard */ = {
			isa = PBXVariantGroup;
			children = (
				AEEAAEC42C92936000C926FC /* Base */,
			);
			name = Main.storyboard;
			sourceTree = "<group>";
		};
		AEEAAEC82C92936100C926FC /* LaunchScreen.storyboard */ = {
			isa = PBXVariantGroup;
			children = (
				AEEAAEC92C92936100C926FC /* Base */,
			);
			name = LaunchScreen.storyboard;
			sourceTree = "<group>";
		};
/* End PBXVariantGroup section */

/* Begin XCBuildConfiguration section */
		AE92B0982C932ACE002C51F2 /* Debug */ = {
			isa = XCBuildConfiguration;
			buildSettings = {
				BUILD_LIBRARY_FOR_DISTRIBUTION = YES;
				CODE_SIGN_STYLE = Automatic;
				CURRENT_PROJECT_VERSION = 1;
				DEFINES_MODULE = YES;
				DEVELOPMENT_TEAM = F826N29W43;
				DYLIB_COMPATIBILITY_VERSION = 1;
				DYLIB_CURRENT_VERSION = 1;
				DYLIB_INSTALL_NAME_BASE = "@rpath";
				ENABLE_MODULE_VERIFIER = YES;
				GENERATE_INFOPLIST_FILE = YES;
				INFOPLIST_KEY_NSHumanReadableCopyright = "";
				INSTALL_PATH = "$(LOCAL_LIBRARY_DIR)/Frameworks";
				IPHONEOS_DEPLOYMENT_TARGET = 17.5;
				LD_RUNPATH_SEARCH_PATHS = (
					"$(inherited)",
					"@executable_path/Frameworks",
					"@loader_path/Frameworks",
				);
				MARKETING_VERSION = 1.0;
				MODULE_VERIFIER_SUPPORTED_LANGUAGES = "objective-c objective-c++";
				MODULE_VERIFIER_SUPPORTED_LANGUAGE_STANDARDS = "gnu17 gnu++20";
				PRODUCT_BUNDLE_IDENTIFIER = kakaobank.test.AppStoreUI;
				PRODUCT_NAME = "$(TARGET_NAME:c99extidentifier)";
				SKIP_INSTALL = YES;
				SWIFT_EMIT_LOC_STRINGS = YES;
				SWIFT_INSTALL_OBJC_HEADER = NO;
				SWIFT_VERSION = 5.0;
				TARGETED_DEVICE_FAMILY = "1,2";
				VERSIONING_SYSTEM = "apple-generic";
				VERSION_INFO_PREFIX = "";
			};
			name = Debug;
		};
		AE92B0992C932ACE002C51F2 /* Release */ = {
			isa = XCBuildConfiguration;
			buildSettings = {
				BUILD_LIBRARY_FOR_DISTRIBUTION = YES;
				CODE_SIGN_STYLE = Automatic;
				CURRENT_PROJECT_VERSION = 1;
				DEFINES_MODULE = YES;
				DEVELOPMENT_TEAM = F826N29W43;
				DYLIB_COMPATIBILITY_VERSION = 1;
				DYLIB_CURRENT_VERSION = 1;
				DYLIB_INSTALL_NAME_BASE = "@rpath";
				ENABLE_MODULE_VERIFIER = YES;
				GENERATE_INFOPLIST_FILE = YES;
				INFOPLIST_KEY_NSHumanReadableCopyright = "";
				INSTALL_PATH = "$(LOCAL_LIBRARY_DIR)/Frameworks";
				IPHONEOS_DEPLOYMENT_TARGET = 17.5;
				LD_RUNPATH_SEARCH_PATHS = (
					"$(inherited)",
					"@executable_path/Frameworks",
					"@loader_path/Frameworks",
				);
				MARKETING_VERSION = 1.0;
				MODULE_VERIFIER_SUPPORTED_LANGUAGES = "objective-c objective-c++";
				MODULE_VERIFIER_SUPPORTED_LANGUAGE_STANDARDS = "gnu17 gnu++20";
				PRODUCT_BUNDLE_IDENTIFIER = kakaobank.test.AppStoreUI;
				PRODUCT_NAME = "$(TARGET_NAME:c99extidentifier)";
				SKIP_INSTALL = YES;
				SWIFT_EMIT_LOC_STRINGS = YES;
				SWIFT_INSTALL_OBJC_HEADER = NO;
				SWIFT_VERSION = 5.0;
				TARGETED_DEVICE_FAMILY = "1,2";
				VERSIONING_SYSTEM = "apple-generic";
				VERSION_INFO_PREFIX = "";
			};
			name = Release;
		};
		AE92B09B2C932ACE002C51F2 /* Debug */ = {
			isa = XCBuildConfiguration;
			buildSettings = {
				ALWAYS_EMBED_SWIFT_STANDARD_LIBRARIES = YES;
				CODE_SIGN_STYLE = Automatic;
				CURRENT_PROJECT_VERSION = 1;
				GENERATE_INFOPLIST_FILE = YES;
				IPHONEOS_DEPLOYMENT_TARGET = 17.5;
				MARKETING_VERSION = 1.0;
				PRODUCT_BUNDLE_IDENTIFIER = kakaobank.test.AppStoreUITests;
				PRODUCT_NAME = "$(TARGET_NAME)";
				SWIFT_EMIT_LOC_STRINGS = NO;
				SWIFT_VERSION = 5.0;
				TARGETED_DEVICE_FAMILY = "1,2";
				TEST_HOST = "$(BUILT_PRODUCTS_DIR)/AppStoreSearch.app/$(BUNDLE_EXECUTABLE_FOLDER_PATH)/AppStoreSearch";
			};
			name = Debug;
		};
		AE92B09C2C932ACE002C51F2 /* Release */ = {
			isa = XCBuildConfiguration;
			buildSettings = {
				ALWAYS_EMBED_SWIFT_STANDARD_LIBRARIES = YES;
				CODE_SIGN_STYLE = Automatic;
				CURRENT_PROJECT_VERSION = 1;
				GENERATE_INFOPLIST_FILE = YES;
				IPHONEOS_DEPLOYMENT_TARGET = 17.5;
				MARKETING_VERSION = 1.0;
				PRODUCT_BUNDLE_IDENTIFIER = kakaobank.test.AppStoreUITests;
				PRODUCT_NAME = "$(TARGET_NAME)";
				SWIFT_EMIT_LOC_STRINGS = NO;
				SWIFT_VERSION = 5.0;
				TARGETED_DEVICE_FAMILY = "1,2";
				TEST_HOST = "$(BUILT_PRODUCTS_DIR)/AppStoreSearch.app/$(BUNDLE_EXECUTABLE_FOLDER_PATH)/AppStoreSearch";
			};
			name = Release;
		};
		AEEAAEE22C92936100C926FC /* Debug */ = {
			isa = XCBuildConfiguration;
			buildSettings = {
				ALWAYS_SEARCH_USER_PATHS = NO;
				ASSETCATALOG_COMPILER_GENERATE_SWIFT_ASSET_SYMBOL_EXTENSIONS = YES;
				CLANG_ANALYZER_NONNULL = YES;
				CLANG_ANALYZER_NUMBER_OBJECT_CONVERSION = YES_AGGRESSIVE;
				CLANG_CXX_LANGUAGE_STANDARD = "gnu++20";
				CLANG_ENABLE_MODULES = YES;
				CLANG_ENABLE_OBJC_ARC = YES;
				CLANG_ENABLE_OBJC_WEAK = YES;
				CLANG_WARN_BLOCK_CAPTURE_AUTORELEASING = YES;
				CLANG_WARN_BOOL_CONVERSION = YES;
				CLANG_WARN_COMMA = YES;
				CLANG_WARN_CONSTANT_CONVERSION = YES;
				CLANG_WARN_DEPRECATED_OBJC_IMPLEMENTATIONS = YES;
				CLANG_WARN_DIRECT_OBJC_ISA_USAGE = YES_ERROR;
				CLANG_WARN_DOCUMENTATION_COMMENTS = YES;
				CLANG_WARN_EMPTY_BODY = YES;
				CLANG_WARN_ENUM_CONVERSION = YES;
				CLANG_WARN_INFINITE_RECURSION = YES;
				CLANG_WARN_INT_CONVERSION = YES;
				CLANG_WARN_NON_LITERAL_NULL_CONVERSION = YES;
				CLANG_WARN_OBJC_IMPLICIT_RETAIN_SELF = YES;
				CLANG_WARN_OBJC_LITERAL_CONVERSION = YES;
				CLANG_WARN_OBJC_ROOT_CLASS = YES_ERROR;
				CLANG_WARN_QUOTED_INCLUDE_IN_FRAMEWORK_HEADER = YES;
				CLANG_WARN_RANGE_LOOP_ANALYSIS = YES;
				CLANG_WARN_STRICT_PROTOTYPES = YES;
				CLANG_WARN_SUSPICIOUS_MOVE = YES;
				CLANG_WARN_UNGUARDED_AVAILABILITY = YES_AGGRESSIVE;
				CLANG_WARN_UNREACHABLE_CODE = YES;
				CLANG_WARN__DUPLICATE_METHOD_MATCH = YES;
				COPY_PHASE_STRIP = NO;
				DEBUG_INFORMATION_FORMAT = dwarf;
				ENABLE_STRICT_OBJC_MSGSEND = YES;
				ENABLE_TESTABILITY = YES;
				ENABLE_USER_SCRIPT_SANDBOXING = YES;
				GCC_C_LANGUAGE_STANDARD = gnu17;
				GCC_DYNAMIC_NO_PIC = NO;
				GCC_NO_COMMON_BLOCKS = YES;
				GCC_OPTIMIZATION_LEVEL = 0;
				GCC_PREPROCESSOR_DEFINITIONS = (
					"DEBUG=1",
					"$(inherited)",
				);
				GCC_WARN_64_TO_32_BIT_CONVERSION = YES;
				GCC_WARN_ABOUT_RETURN_TYPE = YES_ERROR;
				GCC_WARN_UNDECLARED_SELECTOR = YES;
				GCC_WARN_UNINITIALIZED_AUTOS = YES_AGGRESSIVE;
				GCC_WARN_UNUSED_FUNCTION = YES;
				GCC_WARN_UNUSED_VARIABLE = YES;
				IPHONEOS_DEPLOYMENT_TARGET = 15.0;
				LOCALIZATION_PREFERS_STRING_CATALOGS = YES;
				MACOSX_DEPLOYMENT_TARGET = 14.0;
				MTL_ENABLE_DEBUG_INFO = INCLUDE_SOURCE;
				MTL_FAST_MATH = YES;
				ONLY_ACTIVE_ARCH = YES;
				SDKROOT = iphoneos;
				SWIFT_ACTIVE_COMPILATION_CONDITIONS = "DEBUG $(inherited)";
				SWIFT_OPTIMIZATION_LEVEL = "-Onone";
			};
			name = Debug;
		};
		AEEAAEE32C92936100C926FC /* Release */ = {
			isa = XCBuildConfiguration;
			buildSettings = {
				ALWAYS_SEARCH_USER_PATHS = NO;
				ASSETCATALOG_COMPILER_GENERATE_SWIFT_ASSET_SYMBOL_EXTENSIONS = YES;
				CLANG_ANALYZER_NONNULL = YES;
				CLANG_ANALYZER_NUMBER_OBJECT_CONVERSION = YES_AGGRESSIVE;
				CLANG_CXX_LANGUAGE_STANDARD = "gnu++20";
				CLANG_ENABLE_MODULES = YES;
				CLANG_ENABLE_OBJC_ARC = YES;
				CLANG_ENABLE_OBJC_WEAK = YES;
				CLANG_WARN_BLOCK_CAPTURE_AUTORELEASING = YES;
				CLANG_WARN_BOOL_CONVERSION = YES;
				CLANG_WARN_COMMA = YES;
				CLANG_WARN_CONSTANT_CONVERSION = YES;
				CLANG_WARN_DEPRECATED_OBJC_IMPLEMENTATIONS = YES;
				CLANG_WARN_DIRECT_OBJC_ISA_USAGE = YES_ERROR;
				CLANG_WARN_DOCUMENTATION_COMMENTS = YES;
				CLANG_WARN_EMPTY_BODY = YES;
				CLANG_WARN_ENUM_CONVERSION = YES;
				CLANG_WARN_INFINITE_RECURSION = YES;
				CLANG_WARN_INT_CONVERSION = YES;
				CLANG_WARN_NON_LITERAL_NULL_CONVERSION = YES;
				CLANG_WARN_OBJC_IMPLICIT_RETAIN_SELF = YES;
				CLANG_WARN_OBJC_LITERAL_CONVERSION = YES;
				CLANG_WARN_OBJC_ROOT_CLASS = YES_ERROR;
				CLANG_WARN_QUOTED_INCLUDE_IN_FRAMEWORK_HEADER = YES;
				CLANG_WARN_RANGE_LOOP_ANALYSIS = YES;
				CLANG_WARN_STRICT_PROTOTYPES = YES;
				CLANG_WARN_SUSPICIOUS_MOVE = YES;
				CLANG_WARN_UNGUARDED_AVAILABILITY = YES_AGGRESSIVE;
				CLANG_WARN_UNREACHABLE_CODE = YES;
				CLANG_WARN__DUPLICATE_METHOD_MATCH = YES;
				COPY_PHASE_STRIP = NO;
				DEBUG_INFORMATION_FORMAT = "dwarf-with-dsym";
				ENABLE_NS_ASSERTIONS = NO;
				ENABLE_STRICT_OBJC_MSGSEND = YES;
				ENABLE_USER_SCRIPT_SANDBOXING = YES;
				GCC_C_LANGUAGE_STANDARD = gnu17;
				GCC_NO_COMMON_BLOCKS = YES;
				GCC_WARN_64_TO_32_BIT_CONVERSION = YES;
				GCC_WARN_ABOUT_RETURN_TYPE = YES_ERROR;
				GCC_WARN_UNDECLARED_SELECTOR = YES;
				GCC_WARN_UNINITIALIZED_AUTOS = YES_AGGRESSIVE;
				GCC_WARN_UNUSED_FUNCTION = YES;
				GCC_WARN_UNUSED_VARIABLE = YES;
				IPHONEOS_DEPLOYMENT_TARGET = 15.0;
				LOCALIZATION_PREFERS_STRING_CATALOGS = YES;
				MACOSX_DEPLOYMENT_TARGET = 14.0;
				MTL_ENABLE_DEBUG_INFO = NO;
				MTL_FAST_MATH = YES;
				SDKROOT = iphoneos;
				SWIFT_COMPILATION_MODE = wholemodule;
				VALIDATE_PRODUCT = YES;
			};
			name = Release;
		};
		AEEAAEE52C92936100C926FC /* Debug */ = {
			isa = XCBuildConfiguration;
			buildSettings = {
				ALWAYS_EMBED_SWIFT_STANDARD_LIBRARIES = YES;
				ASSETCATALOG_COMPILER_APPICON_NAME = AppIcon;
				ASSETCATALOG_COMPILER_GLOBAL_ACCENT_COLOR_NAME = AccentColor;
				CODE_SIGN_STYLE = Automatic;
				CURRENT_PROJECT_VERSION = 1;
				DEVELOPMENT_TEAM = F826N29W43;
				GENERATE_INFOPLIST_FILE = YES;
				INFOPLIST_FILE = AppStoreSearch/Info.plist;
				INFOPLIST_KEY_UIApplicationSupportsIndirectInputEvents = YES;
				INFOPLIST_KEY_UILaunchStoryboardName = LaunchScreen;
				INFOPLIST_KEY_UIMainStoryboardFile = Main;
				INFOPLIST_KEY_UISupportedInterfaceOrientations_iPad = "UIInterfaceOrientationPortrait UIInterfaceOrientationPortraitUpsideDown UIInterfaceOrientationLandscapeLeft UIInterfaceOrientationLandscapeRight";
				INFOPLIST_KEY_UISupportedInterfaceOrientations_iPhone = "UIInterfaceOrientationPortrait UIInterfaceOrientationLandscapeLeft UIInterfaceOrientationLandscapeRight";
				LD_RUNPATH_SEARCH_PATHS = (
					"$(inherited)",
					"@executable_path/Frameworks",
				);
				MARKETING_VERSION = 1.0;
				PRODUCT_BUNDLE_IDENTIFIER = kakaobank.test.AppStoreSearch;
				PRODUCT_NAME = "$(TARGET_NAME)";
				SWIFT_EMIT_LOC_STRINGS = YES;
				SWIFT_VERSION = 5.0;
				TARGETED_DEVICE_FAMILY = "1,2";
			};
			name = Debug;
		};
		AEEAAEE62C92936100C926FC /* Release */ = {
			isa = XCBuildConfiguration;
			buildSettings = {
				ALWAYS_EMBED_SWIFT_STANDARD_LIBRARIES = YES;
				ASSETCATALOG_COMPILER_APPICON_NAME = AppIcon;
				ASSETCATALOG_COMPILER_GLOBAL_ACCENT_COLOR_NAME = AccentColor;
				CODE_SIGN_STYLE = Automatic;
				CURRENT_PROJECT_VERSION = 1;
				DEVELOPMENT_TEAM = F826N29W43;
				GENERATE_INFOPLIST_FILE = YES;
				INFOPLIST_FILE = AppStoreSearch/Info.plist;
				INFOPLIST_KEY_UIApplicationSupportsIndirectInputEvents = YES;
				INFOPLIST_KEY_UILaunchStoryboardName = LaunchScreen;
				INFOPLIST_KEY_UIMainStoryboardFile = Main;
				INFOPLIST_KEY_UISupportedInterfaceOrientations_iPad = "UIInterfaceOrientationPortrait UIInterfaceOrientationPortraitUpsideDown UIInterfaceOrientationLandscapeLeft UIInterfaceOrientationLandscapeRight";
				INFOPLIST_KEY_UISupportedInterfaceOrientations_iPhone = "UIInterfaceOrientationPortrait UIInterfaceOrientationLandscapeLeft UIInterfaceOrientationLandscapeRight";
				LD_RUNPATH_SEARCH_PATHS = (
					"$(inherited)",
					"@executable_path/Frameworks",
				);
				MARKETING_VERSION = 1.0;
				PRODUCT_BUNDLE_IDENTIFIER = kakaobank.test.AppStoreSearch;
				PRODUCT_NAME = "$(TARGET_NAME)";
				SWIFT_EMIT_LOC_STRINGS = YES;
				SWIFT_VERSION = 5.0;
				TARGETED_DEVICE_FAMILY = "1,2";
			};
			name = Release;
		};
		AEEAAEE82C92936100C926FC /* Debug */ = {
			isa = XCBuildConfiguration;
			buildSettings = {
				ALWAYS_EMBED_SWIFT_STANDARD_LIBRARIES = YES;
				BUNDLE_LOADER = "$(TEST_HOST)";
				CODE_SIGN_STYLE = Automatic;
				CURRENT_PROJECT_VERSION = 1;
				GENERATE_INFOPLIST_FILE = YES;
				IPHONEOS_DEPLOYMENT_TARGET = 17.5;
				MARKETING_VERSION = 1.0;
				PRODUCT_BUNDLE_IDENTIFIER = kakaobank.test.AppStoreSearchTests;
				PRODUCT_NAME = "$(TARGET_NAME)";
				SWIFT_EMIT_LOC_STRINGS = NO;
				SWIFT_VERSION = 5.0;
				TARGETED_DEVICE_FAMILY = "1,2";
				TEST_HOST = "$(BUILT_PRODUCTS_DIR)/AppStoreSearch.app/$(BUNDLE_EXECUTABLE_FOLDER_PATH)/AppStoreSearch";
			};
			name = Debug;
		};
		AEEAAEE92C92936100C926FC /* Release */ = {
			isa = XCBuildConfiguration;
			buildSettings = {
				ALWAYS_EMBED_SWIFT_STANDARD_LIBRARIES = YES;
				BUNDLE_LOADER = "$(TEST_HOST)";
				CODE_SIGN_STYLE = Automatic;
				CURRENT_PROJECT_VERSION = 1;
				GENERATE_INFOPLIST_FILE = YES;
				IPHONEOS_DEPLOYMENT_TARGET = 17.5;
				MARKETING_VERSION = 1.0;
				PRODUCT_BUNDLE_IDENTIFIER = kakaobank.test.AppStoreSearchTests;
				PRODUCT_NAME = "$(TARGET_NAME)";
				SWIFT_EMIT_LOC_STRINGS = NO;
				SWIFT_VERSION = 5.0;
				TARGETED_DEVICE_FAMILY = "1,2";
				TEST_HOST = "$(BUILT_PRODUCTS_DIR)/AppStoreSearch.app/$(BUNDLE_EXECUTABLE_FOLDER_PATH)/AppStoreSearch";
			};
			name = Release;
		};
		AEEAAEEB2C92936100C926FC /* Debug */ = {
			isa = XCBuildConfiguration;
			buildSettings = {
				ALWAYS_EMBED_SWIFT_STANDARD_LIBRARIES = YES;
				CODE_SIGN_STYLE = Automatic;
				CURRENT_PROJECT_VERSION = 1;
				GENERATE_INFOPLIST_FILE = YES;
				MARKETING_VERSION = 1.0;
				PRODUCT_BUNDLE_IDENTIFIER = kakaobank.test.AppStoreSearchUITests;
				PRODUCT_NAME = "$(TARGET_NAME)";
				SWIFT_EMIT_LOC_STRINGS = NO;
				SWIFT_VERSION = 5.0;
				TARGETED_DEVICE_FAMILY = "1,2";
				TEST_TARGET_NAME = AppStoreSearch;
			};
			name = Debug;
		};
		AEEAAEEC2C92936100C926FC /* Release */ = {
			isa = XCBuildConfiguration;
			buildSettings = {
				ALWAYS_EMBED_SWIFT_STANDARD_LIBRARIES = YES;
				CODE_SIGN_STYLE = Automatic;
				CURRENT_PROJECT_VERSION = 1;
				GENERATE_INFOPLIST_FILE = YES;
				MARKETING_VERSION = 1.0;
				PRODUCT_BUNDLE_IDENTIFIER = kakaobank.test.AppStoreSearchUITests;
				PRODUCT_NAME = "$(TARGET_NAME)";
				SWIFT_EMIT_LOC_STRINGS = NO;
				SWIFT_VERSION = 5.0;
				TARGETED_DEVICE_FAMILY = "1,2";
				TEST_TARGET_NAME = AppStoreSearch;
			};
			name = Release;
		};
		AEEAB0052C92A5A100C926FC /* Debug */ = {
			isa = XCBuildConfiguration;
			buildSettings = {
				ALLOW_TARGET_PLATFORM_SPECIALIZATION = YES;
				BUILD_LIBRARY_FOR_DISTRIBUTION = YES;
				CLANG_ENABLE_MODULES = YES;
				CODE_SIGN_STYLE = Automatic;
				CURRENT_PROJECT_VERSION = 1;
				DEFINES_MODULE = YES;
				DYLIB_COMPATIBILITY_VERSION = 1;
				DYLIB_CURRENT_VERSION = 1;
				DYLIB_INSTALL_NAME_BASE = "@rpath";
				ENABLE_MODULE_VERIFIER = YES;
				GENERATE_INFOPLIST_FILE = YES;
				INFOPLIST_KEY_NSHumanReadableCopyright = "";
				INSTALL_PATH = "$(LOCAL_LIBRARY_DIR)/Frameworks";
				IPHONEOS_DEPLOYMENT_TARGET = 17.5;
				LD_RUNPATH_SEARCH_PATHS = (
					"@executable_path/Frameworks",
					"@loader_path/Frameworks",
				);
				"LD_RUNPATH_SEARCH_PATHS[sdk=macosx*]" = (
					"@executable_path/../Frameworks",
					"@loader_path/Frameworks",
				);
				MACOSX_DEPLOYMENT_TARGET = 14.5;
				MARKETING_VERSION = 1.0;
				MODULE_VERIFIER_SUPPORTED_LANGUAGES = "objective-c objective-c++";
				MODULE_VERIFIER_SUPPORTED_LANGUAGE_STANDARDS = "gnu17 gnu++20";
				PRODUCT_BUNDLE_IDENTIFIER = kakaobank.test.AppStoreService;
				PRODUCT_NAME = "$(TARGET_NAME:c99extidentifier)";
				SDKROOT = auto;
				SKIP_INSTALL = YES;
				SUPPORTED_PLATFORMS = "iphoneos iphonesimulator macosx";
				SWIFT_EMIT_LOC_STRINGS = YES;
				SWIFT_INSTALL_OBJC_HEADER = NO;
				SWIFT_OPTIMIZATION_LEVEL = "-Onone";
				SWIFT_VERSION = 5.0;
				TARGETED_DEVICE_FAMILY = "1,2";
				VERSIONING_SYSTEM = "apple-generic";
				VERSION_INFO_PREFIX = "";
			};
			name = Debug;
		};
		AEEAB0062C92A5A100C926FC /* Release */ = {
			isa = XCBuildConfiguration;
			buildSettings = {
				ALLOW_TARGET_PLATFORM_SPECIALIZATION = YES;
				BUILD_LIBRARY_FOR_DISTRIBUTION = YES;
				CLANG_ENABLE_MODULES = YES;
				CODE_SIGN_STYLE = Automatic;
				CURRENT_PROJECT_VERSION = 1;
				DEFINES_MODULE = YES;
				DYLIB_COMPATIBILITY_VERSION = 1;
				DYLIB_CURRENT_VERSION = 1;
				DYLIB_INSTALL_NAME_BASE = "@rpath";
				ENABLE_MODULE_VERIFIER = YES;
				GENERATE_INFOPLIST_FILE = YES;
				INFOPLIST_KEY_NSHumanReadableCopyright = "";
				INSTALL_PATH = "$(LOCAL_LIBRARY_DIR)/Frameworks";
				IPHONEOS_DEPLOYMENT_TARGET = 17.5;
				LD_RUNPATH_SEARCH_PATHS = (
					"@executable_path/Frameworks",
					"@loader_path/Frameworks",
				);
				"LD_RUNPATH_SEARCH_PATHS[sdk=macosx*]" = (
					"@executable_path/../Frameworks",
					"@loader_path/Frameworks",
				);
				MACOSX_DEPLOYMENT_TARGET = 14.5;
				MARKETING_VERSION = 1.0;
				MODULE_VERIFIER_SUPPORTED_LANGUAGES = "objective-c objective-c++";
				MODULE_VERIFIER_SUPPORTED_LANGUAGE_STANDARDS = "gnu17 gnu++20";
				PRODUCT_BUNDLE_IDENTIFIER = kakaobank.test.AppStoreService;
				PRODUCT_NAME = "$(TARGET_NAME:c99extidentifier)";
				SDKROOT = auto;
				SKIP_INSTALL = YES;
				SUPPORTED_PLATFORMS = "iphoneos iphonesimulator macosx";
				SWIFT_EMIT_LOC_STRINGS = YES;
				SWIFT_INSTALL_OBJC_HEADER = NO;
				SWIFT_VERSION = 5.0;
				TARGETED_DEVICE_FAMILY = "1,2";
				VERSIONING_SYSTEM = "apple-generic";
				VERSION_INFO_PREFIX = "";
			};
			name = Release;
		};
		AEEAB0072C92A5A100C926FC /* Debug */ = {
			isa = XCBuildConfiguration;
			buildSettings = {
				ALLOW_TARGET_PLATFORM_SPECIALIZATION = YES;
				ALWAYS_EMBED_SWIFT_STANDARD_LIBRARIES = YES;
				CODE_SIGN_STYLE = Automatic;
				CURRENT_PROJECT_VERSION = 1;
				GENERATE_INFOPLIST_FILE = YES;
				IPHONEOS_DEPLOYMENT_TARGET = 17.5;
				MACOSX_DEPLOYMENT_TARGET = 14.5;
				MARKETING_VERSION = 1.0;
				PRODUCT_BUNDLE_IDENTIFIER = kakaobank.test.AppStoreServiceTests;
				PRODUCT_NAME = "$(TARGET_NAME)";
				SDKROOT = auto;
				SUPPORTED_PLATFORMS = "iphoneos iphonesimulator macosx";
				SWIFT_EMIT_LOC_STRINGS = NO;
				SWIFT_VERSION = 5.0;
				TARGETED_DEVICE_FAMILY = "1,2";
			};
			name = Debug;
		};
		AEEAB0082C92A5A100C926FC /* Release */ = {
			isa = XCBuildConfiguration;
			buildSettings = {
				ALLOW_TARGET_PLATFORM_SPECIALIZATION = YES;
				ALWAYS_EMBED_SWIFT_STANDARD_LIBRARIES = YES;
				CODE_SIGN_STYLE = Automatic;
				CURRENT_PROJECT_VERSION = 1;
				GENERATE_INFOPLIST_FILE = YES;
				IPHONEOS_DEPLOYMENT_TARGET = 17.5;
				MACOSX_DEPLOYMENT_TARGET = 14.5;
				MARKETING_VERSION = 1.0;
				PRODUCT_BUNDLE_IDENTIFIER = kakaobank.test.AppStoreServiceTests;
				PRODUCT_NAME = "$(TARGET_NAME)";
				SDKROOT = auto;
				SUPPORTED_PLATFORMS = "iphoneos iphonesimulator macosx";
				SWIFT_EMIT_LOC_STRINGS = NO;
				SWIFT_VERSION = 5.0;
				TARGETED_DEVICE_FAMILY = "1,2";
			};
			name = Release;
		};
		AEEAB01E2C92B7CB00C926FC /* Debug */ = {
			isa = XCBuildConfiguration;
			buildSettings = {
				CODE_SIGN_STYLE = Automatic;
				MACOSX_DEPLOYMENT_TARGET = 14.5;
				PRODUCT_NAME = "$(TARGET_NAME)";
				SDKROOT = macosx;
				SWIFT_VERSION = 5.0;
			};
			name = Debug;
		};
		AEEAB01F2C92B7CB00C926FC /* Release */ = {
			isa = XCBuildConfiguration;
			buildSettings = {
				CODE_SIGN_STYLE = Automatic;
				MACOSX_DEPLOYMENT_TARGET = 14.5;
				PRODUCT_NAME = "$(TARGET_NAME)";
				SDKROOT = macosx;
				SWIFT_VERSION = 5.0;
			};
			name = Release;
		};
		AEEAB0482C92C10900C926FC /* Debug */ = {
			isa = XCBuildConfiguration;
			buildSettings = {
				ALLOW_TARGET_PLATFORM_SPECIALIZATION = YES;
				BUILD_LIBRARY_FOR_DISTRIBUTION = YES;
				CLANG_ENABLE_MODULES = YES;
				CODE_SIGN_STYLE = Automatic;
				CURRENT_PROJECT_VERSION = 1;
				DEFINES_MODULE = YES;
				DEVELOPMENT_TEAM = F826N29W43;
				DYLIB_COMPATIBILITY_VERSION = 1;
				DYLIB_CURRENT_VERSION = 1;
				DYLIB_INSTALL_NAME_BASE = "@rpath";
				ENABLE_MODULE_VERIFIER = YES;
				GENERATE_INFOPLIST_FILE = YES;
				INFOPLIST_KEY_NSHumanReadableCopyright = "";
				INSTALL_PATH = "$(LOCAL_LIBRARY_DIR)/Frameworks";
				IPHONEOS_DEPLOYMENT_TARGET = 17.5;
				LD_RUNPATH_SEARCH_PATHS = (
					"@executable_path/Frameworks",
					"@loader_path/Frameworks",
				);
				"LD_RUNPATH_SEARCH_PATHS[sdk=macosx*]" = (
					"@executable_path/../Frameworks",
					"@loader_path/Frameworks",
				);
				MACOSX_DEPLOYMENT_TARGET = 14.5;
				MARKETING_VERSION = 1.0;
				MODULE_VERIFIER_SUPPORTED_LANGUAGES = "objective-c objective-c++";
				MODULE_VERIFIER_SUPPORTED_LANGUAGE_STANDARDS = "gnu17 gnu++20";
				PRODUCT_BUNDLE_IDENTIFIER = kakaobank.test.RecentsService;
				PRODUCT_NAME = "$(TARGET_NAME:c99extidentifier)";
				SDKROOT = auto;
				SKIP_INSTALL = YES;
				SUPPORTED_PLATFORMS = "iphoneos iphonesimulator macosx";
				SWIFT_EMIT_LOC_STRINGS = YES;
				SWIFT_INSTALL_OBJC_HEADER = NO;
				SWIFT_OPTIMIZATION_LEVEL = "-Onone";
				SWIFT_VERSION = 5.0;
				TARGETED_DEVICE_FAMILY = "1,2";
				VERSIONING_SYSTEM = "apple-generic";
				VERSION_INFO_PREFIX = "";
			};
			name = Debug;
		};
		AEEAB0492C92C10900C926FC /* Release */ = {
			isa = XCBuildConfiguration;
			buildSettings = {
				ALLOW_TARGET_PLATFORM_SPECIALIZATION = YES;
				BUILD_LIBRARY_FOR_DISTRIBUTION = YES;
				CLANG_ENABLE_MODULES = YES;
				CODE_SIGN_STYLE = Automatic;
				CURRENT_PROJECT_VERSION = 1;
				DEFINES_MODULE = YES;
				DEVELOPMENT_TEAM = F826N29W43;
				DYLIB_COMPATIBILITY_VERSION = 1;
				DYLIB_CURRENT_VERSION = 1;
				DYLIB_INSTALL_NAME_BASE = "@rpath";
				ENABLE_MODULE_VERIFIER = YES;
				GENERATE_INFOPLIST_FILE = YES;
				INFOPLIST_KEY_NSHumanReadableCopyright = "";
				INSTALL_PATH = "$(LOCAL_LIBRARY_DIR)/Frameworks";
				IPHONEOS_DEPLOYMENT_TARGET = 17.5;
				LD_RUNPATH_SEARCH_PATHS = (
					"@executable_path/Frameworks",
					"@loader_path/Frameworks",
				);
				"LD_RUNPATH_SEARCH_PATHS[sdk=macosx*]" = (
					"@executable_path/../Frameworks",
					"@loader_path/Frameworks",
				);
				MACOSX_DEPLOYMENT_TARGET = 14.5;
				MARKETING_VERSION = 1.0;
				MODULE_VERIFIER_SUPPORTED_LANGUAGES = "objective-c objective-c++";
				MODULE_VERIFIER_SUPPORTED_LANGUAGE_STANDARDS = "gnu17 gnu++20";
				PRODUCT_BUNDLE_IDENTIFIER = kakaobank.test.RecentsService;
				PRODUCT_NAME = "$(TARGET_NAME:c99extidentifier)";
				SDKROOT = auto;
				SKIP_INSTALL = YES;
				SUPPORTED_PLATFORMS = "iphoneos iphonesimulator macosx";
				SWIFT_EMIT_LOC_STRINGS = YES;
				SWIFT_INSTALL_OBJC_HEADER = NO;
				SWIFT_VERSION = 5.0;
				TARGETED_DEVICE_FAMILY = "1,2";
				VERSIONING_SYSTEM = "apple-generic";
				VERSION_INFO_PREFIX = "";
			};
			name = Release;
		};
		AEEAB04B2C92C10900C926FC /* Debug */ = {
			isa = XCBuildConfiguration;
			buildSettings = {
				ALLOW_TARGET_PLATFORM_SPECIALIZATION = YES;
				ALWAYS_EMBED_SWIFT_STANDARD_LIBRARIES = YES;
				CODE_SIGN_STYLE = Automatic;
				CURRENT_PROJECT_VERSION = 1;
				GENERATE_INFOPLIST_FILE = YES;
				IPHONEOS_DEPLOYMENT_TARGET = 17.5;
				MACOSX_DEPLOYMENT_TARGET = 14.5;
				MARKETING_VERSION = 1.0;
				PRODUCT_BUNDLE_IDENTIFIER = kakaobank.test.RecentsServiceTests;
				PRODUCT_NAME = "$(TARGET_NAME)";
				SDKROOT = auto;
				SUPPORTED_PLATFORMS = "iphoneos iphonesimulator macosx";
				SWIFT_EMIT_LOC_STRINGS = NO;
				SWIFT_VERSION = 5.0;
				TARGETED_DEVICE_FAMILY = "1,2";
				TEST_HOST = "$(BUILT_PRODUCTS_DIR)/AppStoreSearch.app/$(BUNDLE_EXECUTABLE_FOLDER_PATH)/AppStoreSearch";
			};
			name = Debug;
		};
		AEEAB04C2C92C10900C926FC /* Release */ = {
			isa = XCBuildConfiguration;
			buildSettings = {
				ALLOW_TARGET_PLATFORM_SPECIALIZATION = YES;
				ALWAYS_EMBED_SWIFT_STANDARD_LIBRARIES = YES;
				CODE_SIGN_STYLE = Automatic;
				CURRENT_PROJECT_VERSION = 1;
				GENERATE_INFOPLIST_FILE = YES;
				IPHONEOS_DEPLOYMENT_TARGET = 17.5;
				MACOSX_DEPLOYMENT_TARGET = 14.5;
				MARKETING_VERSION = 1.0;
				PRODUCT_BUNDLE_IDENTIFIER = kakaobank.test.RecentsServiceTests;
				PRODUCT_NAME = "$(TARGET_NAME)";
				SDKROOT = auto;
				SUPPORTED_PLATFORMS = "iphoneos iphonesimulator macosx";
				SWIFT_EMIT_LOC_STRINGS = NO;
				SWIFT_VERSION = 5.0;
				TARGETED_DEVICE_FAMILY = "1,2";
				TEST_HOST = "$(BUILT_PRODUCTS_DIR)/AppStoreSearch.app/$(BUNDLE_EXECUTABLE_FOLDER_PATH)/AppStoreSearch";
			};
			name = Release;
		};
		AEEB83E32C92D58F00EC79CF /* Debug */ = {
			isa = XCBuildConfiguration;
			buildSettings = {
				CODE_SIGN_STYLE = Automatic;
				MACOSX_DEPLOYMENT_TARGET = 14.5;
				PRODUCT_NAME = "$(TARGET_NAME)";
				SDKROOT = macosx;
				SWIFT_VERSION = 5.0;
			};
			name = Debug;
		};
		AEEB83E42C92D58F00EC79CF /* Release */ = {
			isa = XCBuildConfiguration;
			buildSettings = {
				CODE_SIGN_STYLE = Automatic;
				MACOSX_DEPLOYMENT_TARGET = 14.5;
				PRODUCT_NAME = "$(TARGET_NAME)";
				SDKROOT = macosx;
				SWIFT_VERSION = 5.0;
			};
			name = Release;
		};
/* End XCBuildConfiguration section */

/* Begin XCConfigurationList section */
		AE92B0972C932ACE002C51F2 /* Build configuration list for PBXNativeTarget "AppStoreUI" */ = {
			isa = XCConfigurationList;
			buildConfigurations = (
				AE92B0982C932ACE002C51F2 /* Debug */,
				AE92B0992C932ACE002C51F2 /* Release */,
			);
			defaultConfigurationIsVisible = 0;
			defaultConfigurationName = Release;
		};
		AE92B09A2C932ACE002C51F2 /* Build configuration list for PBXNativeTarget "AppStoreUITests" */ = {
			isa = XCConfigurationList;
			buildConfigurations = (
				AE92B09B2C932ACE002C51F2 /* Debug */,
				AE92B09C2C932ACE002C51F2 /* Release */,
			);
			defaultConfigurationIsVisible = 0;
			defaultConfigurationName = Release;
		};
		AEEAAEB52C92936000C926FC /* Build configuration list for PBXProject "AppStoreSearch" */ = {
			isa = XCConfigurationList;
			buildConfigurations = (
				AEEAAEE22C92936100C926FC /* Debug */,
				AEEAAEE32C92936100C926FC /* Release */,
			);
			defaultConfigurationIsVisible = 0;
			defaultConfigurationName = Release;
		};
		AEEAAEE42C92936100C926FC /* Build configuration list for PBXNativeTarget "AppStoreSearch" */ = {
			isa = XCConfigurationList;
			buildConfigurations = (
				AEEAAEE52C92936100C926FC /* Debug */,
				AEEAAEE62C92936100C926FC /* Release */,
			);
			defaultConfigurationIsVisible = 0;
			defaultConfigurationName = Release;
		};
		AEEAAEE72C92936100C926FC /* Build configuration list for PBXNativeTarget "AppStoreSearchTests" */ = {
			isa = XCConfigurationList;
			buildConfigurations = (
				AEEAAEE82C92936100C926FC /* Debug */,
				AEEAAEE92C92936100C926FC /* Release */,
			);
			defaultConfigurationIsVisible = 0;
			defaultConfigurationName = Release;
		};
		AEEAAEEA2C92936100C926FC /* Build configuration list for PBXNativeTarget "AppStoreSearchUITests" */ = {
			isa = XCConfigurationList;
			buildConfigurations = (
				AEEAAEEB2C92936100C926FC /* Debug */,
				AEEAAEEC2C92936100C926FC /* Release */,
			);
			defaultConfigurationIsVisible = 0;
			defaultConfigurationName = Release;
		};
		AEEAB0092C92A5A100C926FC /* Build configuration list for PBXNativeTarget "AppStoreService" */ = {
			isa = XCConfigurationList;
			buildConfigurations = (
				AEEAB0052C92A5A100C926FC /* Debug */,
				AEEAB0062C92A5A100C926FC /* Release */,
			);
			defaultConfigurationIsVisible = 0;
			defaultConfigurationName = Release;
		};
		AEEAB00A2C92A5A100C926FC /* Build configuration list for PBXNativeTarget "AppStoreServiceTests" */ = {
			isa = XCConfigurationList;
			buildConfigurations = (
				AEEAB0072C92A5A100C926FC /* Debug */,
				AEEAB0082C92A5A100C926FC /* Release */,
			);
			defaultConfigurationIsVisible = 0;
			defaultConfigurationName = Release;
		};
		AEEAB01D2C92B7CB00C926FC /* Build configuration list for PBXNativeTarget "AppStoreServiceRun" */ = {
			isa = XCConfigurationList;
			buildConfigurations = (
				AEEAB01E2C92B7CB00C926FC /* Debug */,
				AEEAB01F2C92B7CB00C926FC /* Release */,
			);
			defaultConfigurationIsVisible = 0;
			defaultConfigurationName = Release;
		};
		AEEAB0472C92C10900C926FC /* Build configuration list for PBXNativeTarget "RecentsService" */ = {
			isa = XCConfigurationList;
			buildConfigurations = (
				AEEAB0482C92C10900C926FC /* Debug */,
				AEEAB0492C92C10900C926FC /* Release */,
			);
			defaultConfigurationIsVisible = 0;
			defaultConfigurationName = Release;
		};
		AEEAB04A2C92C10900C926FC /* Build configuration list for PBXNativeTarget "RecentsServiceTests" */ = {
			isa = XCConfigurationList;
			buildConfigurations = (
				AEEAB04B2C92C10900C926FC /* Debug */,
				AEEAB04C2C92C10900C926FC /* Release */,
			);
			defaultConfigurationIsVisible = 0;
			defaultConfigurationName = Release;
		};
		AEEB83E22C92D58F00EC79CF /* Build configuration list for PBXNativeTarget "RecentsServiceRun" */ = {
			isa = XCConfigurationList;
			buildConfigurations = (
				AEEB83E32C92D58F00EC79CF /* Debug */,
				AEEB83E42C92D58F00EC79CF /* Release */,
			);
			defaultConfigurationIsVisible = 0;
			defaultConfigurationName = Release;
		};
/* End XCConfigurationList section */

/* Begin XCRemoteSwiftPackageReference section */
		AEEAB0262C92B9FC00C926FC /* XCRemoteSwiftPackageReference "swift-argument-parser" */ = {
			isa = XCRemoteSwiftPackageReference;
			repositoryURL = "https://github.com/apple/swift-argument-parser.git";
			requirement = {
				kind = upToNextMajorVersion;
				minimumVersion = 1.5.0;
			};
		};
/* End XCRemoteSwiftPackageReference section */

/* Begin XCSwiftPackageProductDependency section */
		AEEAB0272C92B9FC00C926FC /* ArgumentParser */ = {
			isa = XCSwiftPackageProductDependency;
			package = AEEAB0262C92B9FC00C926FC /* XCRemoteSwiftPackageReference "swift-argument-parser" */;
			productName = ArgumentParser;
		};
		AEEB83E72C92D5C200EC79CF /* ArgumentParser */ = {
			isa = XCSwiftPackageProductDependency;
			package = AEEAB0262C92B9FC00C926FC /* XCRemoteSwiftPackageReference "swift-argument-parser" */;
			productName = ArgumentParser;
		};
/* End XCSwiftPackageProductDependency section */

/* Begin XCVersionGroup section */
		AEEAB0512C92C2D200C926FC /* Recents.xcdatamodeld */ = {
			isa = XCVersionGroup;
			children = (
				AEEAB0522C92C2D200C926FC /* Recents.xcdatamodel */,
			);
			currentVersion = AEEAB0522C92C2D200C926FC /* Recents.xcdatamodel */;
			name = Recents.xcdatamodeld;
			path = /Users/jaeyoung/Developer/AppStoreSearch/RecentsService/Recents.xcdatamodeld;
			sourceTree = "<group>";
			versionGroupType = wrapper.xcdatamodel;
		};
/* End XCVersionGroup section */
	};
	rootObject = AEEAAEB22C92936000C926FC /* Project object */;
}
