// !$*UTF8*$!
{
	archiveVersion = 1;
	classes = {
	};
	objectVersion = 56;
	objects = {

/* Begin PBXBuildFile section */
		AEEAAEBE2C92936000C926FC /* AppDelegate.swift in Sources */ = {isa = PBXBuildFile; fileRef = AEEAAEBD2C92936000C926FC /* AppDelegate.swift */; };
		AEEAAEC02C92936000C926FC /* SceneDelegate.swift in Sources */ = {isa = PBXBuildFile; fileRef = AEEAAEBF2C92936000C926FC /* SceneDelegate.swift */; };
		AEEAAEC22C92936000C926FC /* ViewController.swift in Sources */ = {isa = PBXBuildFile; fileRef = AEEAAEC12C92936000C926FC /* ViewController.swift */; };
		AEEAAEC52C92936000C926FC /* Base in Resources */ = {isa = PBXBuildFile; fileRef = AEEAAEC42C92936000C926FC /* Base */; };
		AEEAAEC72C92936100C926FC /* Assets.xcassets in Resources */ = {isa = PBXBuildFile; fileRef = AEEAAEC62C92936100C926FC /* Assets.xcassets */; };
		AEEAAECA2C92936100C926FC /* Base in Resources */ = {isa = PBXBuildFile; fileRef = AEEAAEC92C92936100C926FC /* Base */; };
		AEEAAED52C92936100C926FC /* AppStoreSearchTests.swift in Sources */ = {isa = PBXBuildFile; fileRef = AEEAAED42C92936100C926FC /* AppStoreSearchTests.swift */; };
		AEEAAEDF2C92936100C926FC /* AppStoreSearchUITests.swift in Sources */ = {isa = PBXBuildFile; fileRef = AEEAAEDE2C92936100C926FC /* AppStoreSearchUITests.swift */; };
		AEEAAEE12C92936100C926FC /* AppStoreSearchUITestsLaunchTests.swift in Sources */ = {isa = PBXBuildFile; fileRef = AEEAAEE02C92936100C926FC /* AppStoreSearchUITestsLaunchTests.swift */; };
/* End PBXBuildFile section */

/* Begin PBXContainerItemProxy section */
		AEEAAED12C92936100C926FC /* PBXContainerItemProxy */ = {
			isa = PBXContainerItemProxy;
			containerPortal = AEEAAEB22C92936000C926FC /* Project object */;
			proxyType = 1;
			remoteGlobalIDString = AEEAAEB92C92936000C926FC;
			remoteInfo = AppStoreSearch;
		};
		AEEAAEDB2C92936100C926FC /* PBXContainerItemProxy */ = {
			isa = PBXContainerItemProxy;
			containerPortal = AEEAAEB22C92936000C926FC /* Project object */;
			proxyType = 1;
			remoteGlobalIDString = AEEAAEB92C92936000C926FC;
			remoteInfo = AppStoreSearch;
		};
/* End PBXContainerItemProxy section */

/* Begin PBXFileReference section */
		AEEAAEBA2C92936000C926FC /* AppStoreSearch.app */ = {isa = PBXFileReference; explicitFileType = wrapper.application; includeInIndex = 0; path = AppStoreSearch.app; sourceTree = BUILT_PRODUCTS_DIR; };
		AEEAAEBD2C92936000C926FC /* AppDelegate.swift */ = {isa = PBXFileReference; lastKnownFileType = sourcecode.swift; path = AppDelegate.swift; sourceTree = "<group>"; };
		AEEAAEBF2C92936000C926FC /* SceneDelegate.swift */ = {isa = PBXFileReference; lastKnownFileType = sourcecode.swift; path = SceneDelegate.swift; sourceTree = "<group>"; };
		AEEAAEC12C92936000C926FC /* ViewController.swift */ = {isa = PBXFileReference; lastKnownFileType = sourcecode.swift; path = ViewController.swift; sourceTree = "<group>"; };
		AEEAAEC42C92936000C926FC /* Base */ = {isa = PBXFileReference; lastKnownFileType = file.storyboard; name = Base; path = Base.lproj/Main.storyboard; sourceTree = "<group>"; };
		AEEAAEC62C92936100C926FC /* Assets.xcassets */ = {isa = PBXFileReference; lastKnownFileType = folder.assetcatalog; path = Assets.xcassets; sourceTree = "<group>"; };
		AEEAAEC92C92936100C926FC /* Base */ = {isa = PBXFileReference; lastKnownFileType = file.storyboard; name = Base; path = Base.lproj/LaunchScreen.storyboard; sourceTree = "<group>"; };
		AEEAAECB2C92936100C926FC /* Info.plist */ = {isa = PBXFileReference; lastKnownFileType = text.plist.xml; path = Info.plist; sourceTree = "<group>"; };
		AEEAAED02C92936100C926FC /* AppStoreSearchTests.xctest */ = {isa = PBXFileReference; explicitFileType = wrapper.cfbundle; includeInIndex = 0; path = AppStoreSearchTests.xctest; sourceTree = BUILT_PRODUCTS_DIR; };
		AEEAAED42C92936100C926FC /* AppStoreSearchTests.swift */ = {isa = PBXFileReference; lastKnownFileType = sourcecode.swift; path = AppStoreSearchTests.swift; sourceTree = "<group>"; };
		AEEAAEDA2C92936100C926FC /* AppStoreSearchUITests.xctest */ = {isa = PBXFileReference; explicitFileType = wrapper.cfbundle; includeInIndex = 0; path = AppStoreSearchUITests.xctest; sourceTree = BUILT_PRODUCTS_DIR; };
		AEEAAEDE2C92936100C926FC /* AppStoreSearchUITests.swift */ = {isa = PBXFileReference; lastKnownFileType = sourcecode.swift; path = AppStoreSearchUITests.swift; sourceTree = "<group>"; };
		AEEAAEE02C92936100C926FC /* AppStoreSearchUITestsLaunchTests.swift */ = {isa = PBXFileReference; lastKnownFileType = sourcecode.swift; path = AppStoreSearchUITestsLaunchTests.swift; sourceTree = "<group>"; };
/* End PBXFileReference section */

/* Begin PBXFrameworksBuildPhase section */
		AEEAAEB72C92936000C926FC /* Frameworks */ = {
			isa = PBXFrameworksBuildPhase;
			buildActionMask = 2147483647;
			files = (
			);
			runOnlyForDeploymentPostprocessing = 0;
		};
		AEEAAECD2C92936100C926FC /* Frameworks */ = {
			isa = PBXFrameworksBuildPhase;
			buildActionMask = 2147483647;
			files = (
			);
			runOnlyForDeploymentPostprocessing = 0;
		};
		AEEAAED72C92936100C926FC /* Frameworks */ = {
			isa = PBXFrameworksBuildPhase;
			buildActionMask = 2147483647;
			files = (
			);
			runOnlyForDeploymentPostprocessing = 0;
		};
/* End PBXFrameworksBuildPhase section */

/* Begin PBXGroup section */
		AEEAAEB12C92936000C926FC = {
			isa = PBXGroup;
			children = (
				AEEAAEBC2C92936000C926FC /* AppStoreSearch */,
				AEEAAED32C92936100C926FC /* AppStoreSearchTests */,
				AEEAAEDD2C92936100C926FC /* AppStoreSearchUITests */,
				AEEAAEBB2C92936000C926FC /* Products */,
			);
			sourceTree = "<group>";
		};
		AEEAAEBB2C92936000C926FC /* Products */ = {
			isa = PBXGroup;
			children = (
				AEEAAEBA2C92936000C926FC /* AppStoreSearch.app */,
				AEEAAED02C92936100C926FC /* AppStoreSearchTests.xctest */,
				AEEAAEDA2C92936100C926FC /* AppStoreSearchUITests.xctest */,
			);
			name = Products;
			sourceTree = "<group>";
		};
		AEEAAEBC2C92936000C926FC /* AppStoreSearch */ = {
			isa = PBXGroup;
			children = (
				AEEAAEBD2C92936000C926FC /* AppDelegate.swift */,
				AEEAAEBF2C92936000C926FC /* SceneDelegate.swift */,
				AEEAAEC12C92936000C926FC /* ViewController.swift */,
				AEEAAEC32C92936000C926FC /* Main.storyboard */,
				AEEAAEC62C92936100C926FC /* Assets.xcassets */,
				AEEAAEC82C92936100C926FC /* LaunchScreen.storyboard */,
				AEEAAECB2C92936100C926FC /* Info.plist */,
			);
			path = AppStoreSearch;
			sourceTree = "<group>";
		};
		AEEAAED32C92936100C926FC /* AppStoreSearchTests */ = {
			isa = PBXGroup;
			children = (
				AEEAAED42C92936100C926FC /* AppStoreSearchTests.swift */,
			);
			path = AppStoreSearchTests;
			sourceTree = "<group>";
		};
		AEEAAEDD2C92936100C926FC /* AppStoreSearchUITests */ = {
			isa = PBXGroup;
			children = (
				AEEAAEDE2C92936100C926FC /* AppStoreSearchUITests.swift */,
				AEEAAEE02C92936100C926FC /* AppStoreSearchUITestsLaunchTests.swift */,
			);
			path = AppStoreSearchUITests;
			sourceTree = "<group>";
		};
/* End PBXGroup section */

/* Begin PBXNativeTarget section */
		AEEAAEB92C92936000C926FC /* AppStoreSearch */ = {
			isa = PBXNativeTarget;
			buildConfigurationList = AEEAAEE42C92936100C926FC /* Build configuration list for PBXNativeTarget "AppStoreSearch" */;
			buildPhases = (
				AEEAAEB62C92936000C926FC /* Sources */,
				AEEAAEB72C92936000C926FC /* Frameworks */,
				AEEAAEB82C92936000C926FC /* Resources */,
			);
			buildRules = (
			);
			dependencies = (
			);
			name = AppStoreSearch;
			productName = AppStoreSearch;
			productReference = AEEAAEBA2C92936000C926FC /* AppStoreSearch.app */;
			productType = "com.apple.product-type.application";
		};
		AEEAAECF2C92936100C926FC /* AppStoreSearchTests */ = {
			isa = PBXNativeTarget;
			buildConfigurationList = AEEAAEE72C92936100C926FC /* Build configuration list for PBXNativeTarget "AppStoreSearchTests" */;
			buildPhases = (
				AEEAAECC2C92936100C926FC /* Sources */,
				AEEAAECD2C92936100C926FC /* Frameworks */,
				AEEAAECE2C92936100C926FC /* Resources */,
			);
			buildRules = (
			);
			dependencies = (
				AEEAAED22C92936100C926FC /* PBXTargetDependency */,
			);
			name = AppStoreSearchTests;
			productName = AppStoreSearchTests;
			productReference = AEEAAED02C92936100C926FC /* AppStoreSearchTests.xctest */;
			productType = "com.apple.product-type.bundle.unit-test";
		};
		AEEAAED92C92936100C926FC /* AppStoreSearchUITests */ = {
			isa = PBXNativeTarget;
			buildConfigurationList = AEEAAEEA2C92936100C926FC /* Build configuration list for PBXNativeTarget "AppStoreSearchUITests" */;
			buildPhases = (
				AEEAAED62C92936100C926FC /* Sources */,
				AEEAAED72C92936100C926FC /* Frameworks */,
				AEEAAED82C92936100C926FC /* Resources */,
			);
			buildRules = (
			);
			dependencies = (
				AEEAAEDC2C92936100C926FC /* PBXTargetDependency */,
			);
			name = AppStoreSearchUITests;
			productName = AppStoreSearchUITests;
			productReference = AEEAAEDA2C92936100C926FC /* AppStoreSearchUITests.xctest */;
			productType = "com.apple.product-type.bundle.ui-testing";
		};
/* End PBXNativeTarget section */

/* Begin PBXProject section */
		AEEAAEB22C92936000C926FC /* Project object */ = {
			isa = PBXProject;
			attributes = {
				BuildIndependentTargetsInParallel = 1;
				LastSwiftUpdateCheck = 1540;
				LastUpgradeCheck = 1540;
				TargetAttributes = {
					AEEAAEB92C92936000C926FC = {
						CreatedOnToolsVersion = 15.4;
					};
					AEEAAECF2C92936100C926FC = {
						CreatedOnToolsVersion = 15.4;
						TestTargetID = AEEAAEB92C92936000C926FC;
					};
					AEEAAED92C92936100C926FC = {
						CreatedOnToolsVersion = 15.4;
						TestTargetID = AEEAAEB92C92936000C926FC;
					};
				};
			};
			buildConfigurationList = AEEAAEB52C92936000C926FC /* Build configuration list for PBXProject "AppStoreSearch" */;
			compatibilityVersion = "Xcode 14.0";
			developmentRegion = en;
			hasScannedForEncodings = 0;
			knownRegions = (
				en,
				Base,
			);
			mainGroup = AEEAAEB12C92936000C926FC;
			productRefGroup = AEEAAEBB2C92936000C926FC /* Products */;
			projectDirPath = "";
			projectRoot = "";
			targets = (
				AEEAAEB92C92936000C926FC /* AppStoreSearch */,
				AEEAAECF2C92936100C926FC /* AppStoreSearchTests */,
				AEEAAED92C92936100C926FC /* AppStoreSearchUITests */,
			);
		};
/* End PBXProject section */

/* Begin PBXResourcesBuildPhase section */
		AEEAAEB82C92936000C926FC /* Resources */ = {
			isa = PBXResourcesBuildPhase;
			buildActionMask = 2147483647;
			files = (
				AEEAAEC72C92936100C926FC /* Assets.xcassets in Resources */,
				AEEAAECA2C92936100C926FC /* Base in Resources */,
				AEEAAEC52C92936000C926FC /* Base in Resources */,
			);
			runOnlyForDeploymentPostprocessing = 0;
		};
		AEEAAECE2C92936100C926FC /* Resources */ = {
			isa = PBXResourcesBuildPhase;
			buildActionMask = 2147483647;
			files = (
			);
			runOnlyForDeploymentPostprocessing = 0;
		};
		AEEAAED82C92936100C926FC /* Resources */ = {
			isa = PBXResourcesBuildPhase;
			buildActionMask = 2147483647;
			files = (
			);
			runOnlyForDeploymentPostprocessing = 0;
		};
/* End PBXResourcesBuildPhase section */

/* Begin PBXSourcesBuildPhase section */
		AEEAAEB62C92936000C926FC /* Sources */ = {
			isa = PBXSourcesBuildPhase;
			buildActionMask = 2147483647;
			files = (
				AEEAAEC22C92936000C926FC /* ViewController.swift in Sources */,
				AEEAAEBE2C92936000C926FC /* AppDelegate.swift in Sources */,
				AEEAAEC02C92936000C926FC /* SceneDelegate.swift in Sources */,
			);
			runOnlyForDeploymentPostprocessing = 0;
		};
		AEEAAECC2C92936100C926FC /* Sources */ = {
			isa = PBXSourcesBuildPhase;
			buildActionMask = 2147483647;
			files = (
				AEEAAED52C92936100C926FC /* AppStoreSearchTests.swift in Sources */,
			);
			runOnlyForDeploymentPostprocessing = 0;
		};
		AEEAAED62C92936100C926FC /* Sources */ = {
			isa = PBXSourcesBuildPhase;
			buildActionMask = 2147483647;
			files = (
				AEEAAEE12C92936100C926FC /* AppStoreSearchUITestsLaunchTests.swift in Sources */,
				AEEAAEDF2C92936100C926FC /* AppStoreSearchUITests.swift in Sources */,
			);
			runOnlyForDeploymentPostprocessing = 0;
		};
/* End PBXSourcesBuildPhase section */

/* Begin PBXTargetDependency section */
		AEEAAED22C92936100C926FC /* PBXTargetDependency */ = {
			isa = PBXTargetDependency;
			target = AEEAAEB92C92936000C926FC /* AppStoreSearch */;
			targetProxy = AEEAAED12C92936100C926FC /* PBXContainerItemProxy */;
		};
		AEEAAEDC2C92936100C926FC /* PBXTargetDependency */ = {
			isa = PBXTargetDependency;
			target = AEEAAEB92C92936000C926FC /* AppStoreSearch */;
			targetProxy = AEEAAEDB2C92936100C926FC /* PBXContainerItemProxy */;
		};
/* End PBXTargetDependency section */

/* Begin PBXVariantGroup section */
		AEEAAEC32C92936000C926FC /* Main.storyboard */ = {
			isa = PBXVariantGroup;
			children = (
				AEEAAEC42C92936000C926FC /* Base */,
			);
			name = Main.storyboard;
			sourceTree = "<group>";
		};
		AEEAAEC82C92936100C926FC /* LaunchScreen.storyboard */ = {
			isa = PBXVariantGroup;
			children = (
				AEEAAEC92C92936100C926FC /* Base */,
			);
			name = LaunchScreen.storyboard;
			sourceTree = "<group>";
		};
/* End PBXVariantGroup section */

/* Begin XCBuildConfiguration section */
		AEEAAEE22C92936100C926FC /* Debug */ = {
			isa = XCBuildConfiguration;
			buildSettings = {
				ALWAYS_SEARCH_USER_PATHS = NO;
				ASSETCATALOG_COMPILER_GENERATE_SWIFT_ASSET_SYMBOL_EXTENSIONS = YES;
				CLANG_ANALYZER_NONNULL = YES;
				CLANG_ANALYZER_NUMBER_OBJECT_CONVERSION = YES_AGGRESSIVE;
				CLANG_CXX_LANGUAGE_STANDARD = "gnu++20";
				CLANG_ENABLE_MODULES = YES;
				CLANG_ENABLE_OBJC_ARC = YES;
				CLANG_ENABLE_OBJC_WEAK = YES;
				CLANG_WARN_BLOCK_CAPTURE_AUTORELEASING = YES;
				CLANG_WARN_BOOL_CONVERSION = YES;
				CLANG_WARN_COMMA = YES;
				CLANG_WARN_CONSTANT_CONVERSION = YES;
				CLANG_WARN_DEPRECATED_OBJC_IMPLEMENTATIONS = YES;
				CLANG_WARN_DIRECT_OBJC_ISA_USAGE = YES_ERROR;
				CLANG_WARN_DOCUMENTATION_COMMENTS = YES;
				CLANG_WARN_EMPTY_BODY = YES;
				CLANG_WARN_ENUM_CONVERSION = YES;
				CLANG_WARN_INFINITE_RECURSION = YES;
				CLANG_WARN_INT_CONVERSION = YES;
				CLANG_WARN_NON_LITERAL_NULL_CONVERSION = YES;
				CLANG_WARN_OBJC_IMPLICIT_RETAIN_SELF = YES;
				CLANG_WARN_OBJC_LITERAL_CONVERSION = YES;
				CLANG_WARN_OBJC_ROOT_CLASS = YES_ERROR;
				CLANG_WARN_QUOTED_INCLUDE_IN_FRAMEWORK_HEADER = YES;
				CLANG_WARN_RANGE_LOOP_ANALYSIS = YES;
				CLANG_WARN_STRICT_PROTOTYPES = YES;
				CLANG_WARN_SUSPICIOUS_MOVE = YES;
				CLANG_WARN_UNGUARDED_AVAILABILITY = YES_AGGRESSIVE;
				CLANG_WARN_UNREACHABLE_CODE = YES;
				CLANG_WARN__DUPLICATE_METHOD_MATCH = YES;
				COPY_PHASE_STRIP = NO;
				DEBUG_INFORMATION_FORMAT = dwarf;
				ENABLE_STRICT_OBJC_MSGSEND = YES;
				ENABLE_TESTABILITY = YES;
				ENABLE_USER_SCRIPT_SANDBOXING = YES;
				GCC_C_LANGUAGE_STANDARD = gnu17;
				GCC_DYNAMIC_NO_PIC = NO;
				GCC_NO_COMMON_BLOCKS = YES;
				GCC_OPTIMIZATION_LEVEL = 0;
				GCC_PREPROCESSOR_DEFINITIONS = (
					"DEBUG=1",
					"$(inherited)",
				);
				GCC_WARN_64_TO_32_BIT_CONVERSION = YES;
				GCC_WARN_ABOUT_RETURN_TYPE = YES_ERROR;
				GCC_WARN_UNDECLARED_SELECTOR = YES;
				GCC_WARN_UNINITIALIZED_AUTOS = YES_AGGRESSIVE;
				GCC_WARN_UNUSED_FUNCTION = YES;
				GCC_WARN_UNUSED_VARIABLE = YES;
				IPHONEOS_DEPLOYMENT_TARGET = 17.5;
				LOCALIZATION_PREFERS_STRING_CATALOGS = YES;
				MTL_ENABLE_DEBUG_INFO = INCLUDE_SOURCE;
				MTL_FAST_MATH = YES;
				ONLY_ACTIVE_ARCH = YES;
				SDKROOT = iphoneos;
				SWIFT_ACTIVE_COMPILATION_CONDITIONS = "DEBUG $(inherited)";
				SWIFT_OPTIMIZATION_LEVEL = "-Onone";
			};
			name = Debug;
		};
		AEEAAEE32C92936100C926FC /* Release */ = {
			isa = XCBuildConfiguration;
			buildSettings = {
				ALWAYS_SEARCH_USER_PATHS = NO;
				ASSETCATALOG_COMPILER_GENERATE_SWIFT_ASSET_SYMBOL_EXTENSIONS = YES;
				CLANG_ANALYZER_NONNULL = YES;
				CLANG_ANALYZER_NUMBER_OBJECT_CONVERSION = YES_AGGRESSIVE;
				CLANG_CXX_LANGUAGE_STANDARD = "gnu++20";
				CLANG_ENABLE_MODULES = YES;
				CLANG_ENABLE_OBJC_ARC = YES;
				CLANG_ENABLE_OBJC_WEAK = YES;
				CLANG_WARN_BLOCK_CAPTURE_AUTORELEASING = YES;
				CLANG_WARN_BOOL_CONVERSION = YES;
				CLANG_WARN_COMMA = YES;
				CLANG_WARN_CONSTANT_CONVERSION = YES;
				CLANG_WARN_DEPRECATED_OBJC_IMPLEMENTATIONS = YES;
				CLANG_WARN_DIRECT_OBJC_ISA_USAGE = YES_ERROR;
				CLANG_WARN_DOCUMENTATION_COMMENTS = YES;
				CLANG_WARN_EMPTY_BODY = YES;
				CLANG_WARN_ENUM_CONVERSION = YES;
				CLANG_WARN_INFINITE_RECURSION = YES;
				CLANG_WARN_INT_CONVERSION = YES;
				CLANG_WARN_NON_LITERAL_NULL_CONVERSION = YES;
				CLANG_WARN_OBJC_IMPLICIT_RETAIN_SELF = YES;
				CLANG_WARN_OBJC_LITERAL_CONVERSION = YES;
				CLANG_WARN_OBJC_ROOT_CLASS = YES_ERROR;
				CLANG_WARN_QUOTED_INCLUDE_IN_FRAMEWORK_HEADER = YES;
				CLANG_WARN_RANGE_LOOP_ANALYSIS = YES;
				CLANG_WARN_STRICT_PROTOTYPES = YES;
				CLANG_WARN_SUSPICIOUS_MOVE = YES;
				CLANG_WARN_UNGUARDED_AVAILABILITY = YES_AGGRESSIVE;
				CLANG_WARN_UNREACHABLE_CODE = YES;
				CLANG_WARN__DUPLICATE_METHOD_MATCH = YES;
				COPY_PHASE_STRIP = NO;
				DEBUG_INFORMATION_FORMAT = "dwarf-with-dsym";
				ENABLE_NS_ASSERTIONS = NO;
				ENABLE_STRICT_OBJC_MSGSEND = YES;
				ENABLE_USER_SCRIPT_SANDBOXING = YES;
				GCC_C_LANGUAGE_STANDARD = gnu17;
				GCC_NO_COMMON_BLOCKS = YES;
				GCC_WARN_64_TO_32_BIT_CONVERSION = YES;
				GCC_WARN_ABOUT_RETURN_TYPE = YES_ERROR;
				GCC_WARN_UNDECLARED_SELECTOR = YES;
				GCC_WARN_UNINITIALIZED_AUTOS = YES_AGGRESSIVE;
				GCC_WARN_UNUSED_FUNCTION = YES;
				GCC_WARN_UNUSED_VARIABLE = YES;
				IPHONEOS_DEPLOYMENT_TARGET = 17.5;
				LOCALIZATION_PREFERS_STRING_CATALOGS = YES;
				MTL_ENABLE_DEBUG_INFO = NO;
				MTL_FAST_MATH = YES;
				SDKROOT = iphoneos;
				SWIFT_COMPILATION_MODE = wholemodule;
				VALIDATE_PRODUCT = YES;
			};
			name = Release;
		};
		AEEAAEE52C92936100C926FC /* Debug */ = {
			isa = XCBuildConfiguration;
			buildSettings = {
				ASSETCATALOG_COMPILER_APPICON_NAME = AppIcon;
				ASSETCATALOG_COMPILER_GLOBAL_ACCENT_COLOR_NAME = AccentColor;
				CODE_SIGN_STYLE = Automatic;
				CURRENT_PROJECT_VERSION = 1;
				GENERATE_INFOPLIST_FILE = YES;
				INFOPLIST_FILE = AppStoreSearch/Info.plist;
				INFOPLIST_KEY_UIApplicationSupportsIndirectInputEvents = YES;
				INFOPLIST_KEY_UILaunchStoryboardName = LaunchScreen;
				INFOPLIST_KEY_UIMainStoryboardFile = Main;
				INFOPLIST_KEY_UISupportedInterfaceOrientations_iPad = "UIInterfaceOrientationPortrait UIInterfaceOrientationPortraitUpsideDown UIInterfaceOrientationLandscapeLeft UIInterfaceOrientationLandscapeRight";
				INFOPLIST_KEY_UISupportedInterfaceOrientations_iPhone = "UIInterfaceOrientationPortrait UIInterfaceOrientationLandscapeLeft UIInterfaceOrientationLandscapeRight";
				LD_RUNPATH_SEARCH_PATHS = (
					"$(inherited)",
					"@executable_path/Frameworks",
				);
				MARKETING_VERSION = 1.0;
				PRODUCT_BUNDLE_IDENTIFIER = kakaobank.test.AppStoreSearch;
				PRODUCT_NAME = "$(TARGET_NAME)";
				SWIFT_EMIT_LOC_STRINGS = YES;
				SWIFT_VERSION = 5.0;
				TARGETED_DEVICE_FAMILY = "1,2";
			};
			name = Debug;
		};
		AEEAAEE62C92936100C926FC /* Release */ = {
			isa = XCBuildConfiguration;
			buildSettings = {
				ASSETCATALOG_COMPILER_APPICON_NAME = AppIcon;
				ASSETCATALOG_COMPILER_GLOBAL_ACCENT_COLOR_NAME = AccentColor;
				CODE_SIGN_STYLE = Automatic;
				CURRENT_PROJECT_VERSION = 1;
				GENERATE_INFOPLIST_FILE = YES;
				INFOPLIST_FILE = AppStoreSearch/Info.plist;
				INFOPLIST_KEY_UIApplicationSupportsIndirectInputEvents = YES;
				INFOPLIST_KEY_UILaunchStoryboardName = LaunchScreen;
				INFOPLIST_KEY_UIMainStoryboardFile = Main;
				INFOPLIST_KEY_UISupportedInterfaceOrientations_iPad = "UIInterfaceOrientationPortrait UIInterfaceOrientationPortraitUpsideDown UIInterfaceOrientationLandscapeLeft UIInterfaceOrientationLandscapeRight";
				INFOPLIST_KEY_UISupportedInterfaceOrientations_iPhone = "UIInterfaceOrientationPortrait UIInterfaceOrientationLandscapeLeft UIInterfaceOrientationLandscapeRight";
				LD_RUNPATH_SEARCH_PATHS = (
					"$(inherited)",
					"@executable_path/Frameworks",
				);
				MARKETING_VERSION = 1.0;
				PRODUCT_BUNDLE_IDENTIFIER = kakaobank.test.AppStoreSearch;
				PRODUCT_NAME = "$(TARGET_NAME)";
				SWIFT_EMIT_LOC_STRINGS = YES;
				SWIFT_VERSION = 5.0;
				TARGETED_DEVICE_FAMILY = "1,2";
			};
			name = Release;
		};
		AEEAAEE82C92936100C926FC /* Debug */ = {
			isa = XCBuildConfiguration;
			buildSettings = {
				ALWAYS_EMBED_SWIFT_STANDARD_LIBRARIES = YES;
				BUNDLE_LOADER = "$(TEST_HOST)";
				CODE_SIGN_STYLE = Automatic;
				CURRENT_PROJECT_VERSION = 1;
				GENERATE_INFOPLIST_FILE = YES;
				IPHONEOS_DEPLOYMENT_TARGET = 17.5;
				MARKETING_VERSION = 1.0;
				PRODUCT_BUNDLE_IDENTIFIER = kakaobank.test.AppStoreSearchTests;
				PRODUCT_NAME = "$(TARGET_NAME)";
				SWIFT_EMIT_LOC_STRINGS = NO;
				SWIFT_VERSION = 5.0;
				TARGETED_DEVICE_FAMILY = "1,2";
				TEST_HOST = "$(BUILT_PRODUCTS_DIR)/AppStoreSearch.app/$(BUNDLE_EXECUTABLE_FOLDER_PATH)/AppStoreSearch";
			};
			name = Debug;
		};
		AEEAAEE92C92936100C926FC /* Release */ = {
			isa = XCBuildConfiguration;
			buildSettings = {
				ALWAYS_EMBED_SWIFT_STANDARD_LIBRARIES = YES;
				BUNDLE_LOADER = "$(TEST_HOST)";
				CODE_SIGN_STYLE = Automatic;
				CURRENT_PROJECT_VERSION = 1;
				GENERATE_INFOPLIST_FILE = YES;
				IPHONEOS_DEPLOYMENT_TARGET = 17.5;
				MARKETING_VERSION = 1.0;
				PRODUCT_BUNDLE_IDENTIFIER = kakaobank.test.AppStoreSearchTests;
				PRODUCT_NAME = "$(TARGET_NAME)";
				SWIFT_EMIT_LOC_STRINGS = NO;
				SWIFT_VERSION = 5.0;
				TARGETED_DEVICE_FAMILY = "1,2";
				TEST_HOST = "$(BUILT_PRODUCTS_DIR)/AppStoreSearch.app/$(BUNDLE_EXECUTABLE_FOLDER_PATH)/AppStoreSearch";
			};
			name = Release;
		};
		AEEAAEEB2C92936100C926FC /* Debug */ = {
			isa = XCBuildConfiguration;
			buildSettings = {
				ALWAYS_EMBED_SWIFT_STANDARD_LIBRARIES = YES;
				CODE_SIGN_STYLE = Automatic;
				CURRENT_PROJECT_VERSION = 1;
				GENERATE_INFOPLIST_FILE = YES;
				MARKETING_VERSION = 1.0;
				PRODUCT_BUNDLE_IDENTIFIER = kakaobank.test.AppStoreSearchUITests;
				PRODUCT_NAME = "$(TARGET_NAME)";
				SWIFT_EMIT_LOC_STRINGS = NO;
				SWIFT_VERSION = 5.0;
				TARGETED_DEVICE_FAMILY = "1,2";
				TEST_TARGET_NAME = AppStoreSearch;
			};
			name = Debug;
		};
		AEEAAEEC2C92936100C926FC /* Release */ = {
			isa = XCBuildConfiguration;
			buildSettings = {
				ALWAYS_EMBED_SWIFT_STANDARD_LIBRARIES = YES;
				CODE_SIGN_STYLE = Automatic;
				CURRENT_PROJECT_VERSION = 1;
				GENERATE_INFOPLIST_FILE = YES;
				MARKETING_VERSION = 1.0;
				PRODUCT_BUNDLE_IDENTIFIER = kakaobank.test.AppStoreSearchUITests;
				PRODUCT_NAME = "$(TARGET_NAME)";
				SWIFT_EMIT_LOC_STRINGS = NO;
				SWIFT_VERSION = 5.0;
				TARGETED_DEVICE_FAMILY = "1,2";
				TEST_TARGET_NAME = AppStoreSearch;
			};
			name = Release;
		};
/* End XCBuildConfiguration section */

/* Begin XCConfigurationList section */
		AEEAAEB52C92936000C926FC /* Build configuration list for PBXProject "AppStoreSearch" */ = {
			isa = XCConfigurationList;
			buildConfigurations = (
				AEEAAEE22C92936100C926FC /* Debug */,
				AEEAAEE32C92936100C926FC /* Release */,
			);
			defaultConfigurationIsVisible = 0;
			defaultConfigurationName = Release;
		};
		AEEAAEE42C92936100C926FC /* Build configuration list for PBXNativeTarget "AppStoreSearch" */ = {
			isa = XCConfigurationList;
			buildConfigurations = (
				AEEAAEE52C92936100C926FC /* Debug */,
				AEEAAEE62C92936100C926FC /* Release */,
			);
			defaultConfigurationIsVisible = 0;
			defaultConfigurationName = Release;
		};
		AEEAAEE72C92936100C926FC /* Build configuration list for PBXNativeTarget "AppStoreSearchTests" */ = {
			isa = XCConfigurationList;
			buildConfigurations = (
				AEEAAEE82C92936100C926FC /* Debug */,
				AEEAAEE92C92936100C926FC /* Release */,
			);
			defaultConfigurationIsVisible = 0;
			defaultConfigurationName = Release;
		};
		AEEAAEEA2C92936100C926FC /* Build configuration list for PBXNativeTarget "AppStoreSearchUITests" */ = {
			isa = XCConfigurationList;
			buildConfigurations = (
				AEEAAEEB2C92936100C926FC /* Debug */,
				AEEAAEEC2C92936100C926FC /* Release */,
			);
			defaultConfigurationIsVisible = 0;
			defaultConfigurationName = Release;
		};
/* End XCConfigurationList section */
	};
	rootObject = AEEAAEB22C92936000C926FC /* Project object */;
}
